// !$*UTF8*$!
{
	archiveVersion = 1;
	classes = {
	};
	objectVersion = 77;
	objects = {

/* Begin PBXBuildFile section */
		00251322905DE87A9EFC543A /* PanicAlarmManager.swift in Sources */ = {isa = PBXBuildFile; fileRef = AFCE813887395F69511F0DF4 /* PanicAlarmManager.swift */; };
		008C39C86DBD34E6A4D39E3A /* AuthManager.swift in Sources */ = {isa = PBXBuildFile; fileRef = 63CF89913B054F363A8C8B39 /* AuthManager.swift */; };
		017FFC06B774A5A527FC2B30 /* HealthKitPermissions.swift in Sources */ = {isa = PBXBuildFile; fileRef = 03EB90ADAAC9DC50555F55EE /* HealthKitPermissions.swift */; };
		0577BED20E66EA417647DF71 /* NetworkError.swift in Sources */ = {isa = PBXBuildFile; fileRef = DC35C052F10625C479C9BC70 /* NetworkError.swift */; };
		05E456BCB7A8A44BF90811DE /* GymRegionMonitor.swift in Sources */ = {isa = PBXBuildFile; fileRef = 336679F15832921BE8598D24 /* GymRegionMonitor.swift */; };
		06456364887CBB61FE611BED /* MeshNetworkManager.swift in Sources */ = {isa = PBXBuildFile; fileRef = A5E2DFF65221701A95E77180 /* MeshNetworkManager.swift */; };
		0A904B6FA32654923065626A /* GeofenceManager.swift in Sources */ = {isa = PBXBuildFile; fileRef = A7DCB03117FA18BA9DC91CE1 /* GeofenceManager.swift */; };
		0B9A3ABAC47E98AD17AB1D29 /* OfflineQueue.swift in Sources */ = {isa = PBXBuildFile; fileRef = 0CD649EBADF6DB15233E9E7B /* OfflineQueue.swift */; };
		0C9FE86BBF60C61ED7D2DF24 /* APIEndpoint.swift in Sources */ = {isa = PBXBuildFile; fileRef = 026C428CF4CCF85191191B0B /* APIEndpoint.swift */; };
		0E285A02CC5F1C22A9844918 /* StopwatchViewModel.swift in Sources */ = {isa = PBXBuildFile; fileRef = C8BC18F04EE32D8091DFEABE /* StopwatchViewModel.swift */; };
		1286F1B362522B5B8795E690 /* ResponseDecoderTests.swift in Sources */ = {isa = PBXBuildFile; fileRef = C48810DB5F6525DFBA03BCBC /* ResponseDecoderTests.swift */; };
		13F8F93231A9B661FCA88C74 /* LogMealView.swift in Sources */ = {isa = PBXBuildFile; fileRef = 7FDAF6E82525532EB0FFC115 /* LogMealView.swift */; };
		15B699379F824FAAA1706C08 /* ProfileViewModel.swift in Sources */ = {isa = PBXBuildFile; fileRef = 18DD21DE66D7C8932E06A0B4 /* ProfileViewModel.swift */; };
		19A3F14B3BA79EFDF8053558 /* ActiveWorkoutViewModel.swift in Sources */ = {isa = PBXBuildFile; fileRef = 6CA942AC63EEB8075ECA7ECC /* ActiveWorkoutViewModel.swift */; };
		1B03BA216D3F5ACEF4DFDF8A /* AppCoordinator.swift in Sources */ = {isa = PBXBuildFile; fileRef = 7A677BC7E409D0857BB4033A /* AppCoordinator.swift */; };
		1E737A07CBAEDB12D0954EDD /* CalendarSyncService.swift in Sources */ = {isa = PBXBuildFile; fileRef = 4BED958861CEFA542CA1CE5D /* CalendarSyncService.swift */; };
		1EC2BE7F59DDF9B048D573C3 /* DashboardView.swift in Sources */ = {isa = PBXBuildFile; fileRef = C92B51F2D8CCD298CA96FA07 /* DashboardView.swift */; };
		1EC953AF0C7E2907CF433683 /* GymListViewModel.swift in Sources */ = {isa = PBXBuildFile; fileRef = 4E6FC728320A895C25B95E05 /* GymListViewModel.swift */; };
		21FCABC80650FAB56D305F3C /* ApplePayManager.swift in Sources */ = {isa = PBXBuildFile; fileRef = 9325AC6C409A2219EA8CBF23 /* ApplePayManager.swift */; };
		24754A353FD364CB0A0B9EEC /* AnalyticsClient.swift in Sources */ = {isa = PBXBuildFile; fileRef = 98F02E134CFB752029AB55FC /* AnalyticsClient.swift */; };
		24F8AEE809C5DB264EE42B6E /* SignInView.swift in Sources */ = {isa = PBXBuildFile; fileRef = F732D9E9ECE794CBE91F2A0D /* SignInView.swift */; };
		25C8F3CB7B9B74757F12FEF0 /* ReleaseGateManagerTests.swift in Sources */ = {isa = PBXBuildFile; fileRef = 58E1451727196C98AB732061 /* ReleaseGateManagerTests.swift */; };
		2799CDCBC9862857FE8F7C94 /* WorkoutListViewModel.swift in Sources */ = {isa = PBXBuildFile; fileRef = FE08B599CA8A0C737DA0D935 /* WorkoutListViewModel.swift */; };
		28607A7C5EA7F09E5F394986 /* GymListView.swift in Sources */ = {isa = PBXBuildFile; fileRef = 25094CC0AAD6413921521FD0 /* GymListView.swift */; };
		2DFA1A63E0A0C3B141EDA0B2 /* WaterTrackerView.swift in Sources */ = {isa = PBXBuildFile; fileRef = BC5EDE2248932D1DB76591E7 /* WaterTrackerView.swift */; };
		311C829E65F768CF6EAB96C5 /* GymSessionManager.swift in Sources */ = {isa = PBXBuildFile; fileRef = FDAE0DA274CB6AB93F097499 /* GymSessionManager.swift */; };
		3229912722BD93481B14730D /* MainTabView.swift in Sources */ = {isa = PBXBuildFile; fileRef = 1A7437B9A89048C773D306EC /* MainTabView.swift */; };
		34A78B5370C92303B55123C8 /* GearSnitchApp.swift in Sources */ = {isa = PBXBuildFile; fileRef = ED7E00D84F51A63E31E167D5 /* GearSnitchApp.swift */; };
		34B06D32FDA4A09081BDCD42 /* PushNotificationHandler.swift in Sources */ = {isa = PBXBuildFile; fileRef = 3685DC0D9F363BEE0B9CE350 /* PushNotificationHandler.swift */; };
		36C6F6901483D9D4CFB58F91 /* DeviceStatusBadge.swift in Sources */ = {isa = PBXBuildFile; fileRef = 5F654EDC6D283F1CFA8D355F /* DeviceStatusBadge.swift */; };
		36CC2444726CCEFBCBCB316C /* DeviceListViewModel.swift in Sources */ = {isa = PBXBuildFile; fileRef = 835D70A91468F0D0A7B8FD08 /* DeviceListViewModel.swift */; };
		37657B03C4E79B4E0C34D60A /* PaymentModels.swift in Sources */ = {isa = PBXBuildFile; fileRef = 5C046F4715799B2015B386A4 /* PaymentModels.swift */; };
		3903E42C59715DFF61DEC811 /* DosingCalculatorViewModel.swift in Sources */ = {isa = PBXBuildFile; fileRef = 9CAC67BC594D4708288A3628 /* DosingCalculatorViewModel.swift */; };
		3B69AAE4AE0195DE1A9FF687 /* BLEScanner.swift in Sources */ = {isa = PBXBuildFile; fileRef = 4ED90ED47B2C7532C3950E45 /* BLEScanner.swift */; };
		3B9590D069122E717D0AF0C0 /* StoreHomeView.swift in Sources */ = {isa = PBXBuildFile; fileRef = FA07F4455FC91DFEBF1E9057 /* StoreHomeView.swift */; };
		3C236926E06C3ADC097C67AC /* BLEManager.swift in Sources */ = {isa = PBXBuildFile; fileRef = 65040AD89C646F2EB1439629 /* BLEManager.swift */; };
		3D14B5644E74520403A211CA /* MeshChatView.swift in Sources */ = {isa = PBXBuildFile; fileRef = B6BFD5D2EE043E841AA7B600 /* MeshChatView.swift */; };
		45034E6EAA33F8B9ABBDC9D2 /* DeviceListView.swift in Sources */ = {isa = PBXBuildFile; fileRef = 11EBE9A263604C413029119F /* DeviceListView.swift */; };
		46D36C2A884928C6A93572FE /* HealthKitSyncService.swift in Sources */ = {isa = PBXBuildFile; fileRef = 0A87B12D0792AE9A7DD273AE /* HealthKitSyncService.swift */; };
		46D92FAEBC06B5FC26FD9B05 /* Date+Formatting.swift in Sources */ = {isa = PBXBuildFile; fileRef = 2969551DF2A3FCCBB44CF308 /* Date+Formatting.swift */; };
		4934714B0AFAD6AFDC4539C8 /* MeshChatViewModel.swift in Sources */ = {isa = PBXBuildFile; fileRef = 55C5CE24F4D0356582F849DD /* MeshChatViewModel.swift */; };
		4C79B9E586525CAE0B4E335C /* DayDetailView.swift in Sources */ = {isa = PBXBuildFile; fileRef = 4F727210E1B56639BE47E1E5 /* DayDetailView.swift */; };
		4D1C19BCEF70A32F7B00F0F4 /* CalorieDashboardViewModel.swift in Sources */ = {isa = PBXBuildFile; fileRef = 79569B64C87DB4A7411D0AB1 /* CalorieDashboardViewModel.swift */; };
		4F0D4918B3FDBE038E627BA2 /* SocketEventHandler.swift in Sources */ = {isa = PBXBuildFile; fileRef = BECCC104090AC7F96D2D407E /* SocketEventHandler.swift */; };
		50CDC857CE88CA75ED9C1BE5 /* WorkoutListView.swift in Sources */ = {isa = PBXBuildFile; fileRef = 686919D6DA2B3CE85F3384C6 /* WorkoutListView.swift */; };
		532C92B68B7591740D06E5E6 /* GoogleSignInManager.swift in Sources */ = {isa = PBXBuildFile; fileRef = 70F9CF4C94401C2900ADB20B /* GoogleSignInManager.swift */; };
		573CE6337651E4367C6C2399 /* ReferralView.swift in Sources */ = {isa = PBXBuildFile; fileRef = B3B4FD86275B132DA96B5D8A /* ReferralView.swift */; };
		5A40D3A6C02EDB90868F8602 /* NotificationPreferencesView.swift in Sources */ = {isa = PBXBuildFile; fileRef = 877839AB8E10C41E15B46325 /* NotificationPreferencesView.swift */; };
		5A55EA624E6A563474ED7321 /* AddGymView.swift in Sources */ = {isa = PBXBuildFile; fileRef = EC33DA8E03A30FC5BEDBAD29 /* AddGymView.swift */; };
		5B936DD86E675796F48CB9C0 /* NutritionGoalsView.swift in Sources */ = {isa = PBXBuildFile; fileRef = CD9B62A46083DE5FF5D829AD /* NutritionGoalsView.swift */; };
		5F90FAC2283D3E0662480F1A /* RootView.swift in Sources */ = {isa = PBXBuildFile; fileRef = A71772E62CED642AC9F4DEA9 /* RootView.swift */; };
		60AF420185D0F8C121905A36 /* PrimaryButton.swift in Sources */ = {isa = PBXBuildFile; fileRef = C72A3F57652B3904DA4C0B1D /* PrimaryButton.swift */; };
		6465E3D90138805BB7744587 /* SubscriptionView.swift in Sources */ = {isa = PBXBuildFile; fileRef = 51480EC335EB26C4CE925C66 /* SubscriptionView.swift */; };
		6847A31FC3ED6A5959C8D289 /* OnboardingView.swift in Sources */ = {isa = PBXBuildFile; fileRef = 942B2AA3801B97D73525058B /* OnboardingView.swift */; };
		687E3DCF2C907DAF5764E0B7 /* SignInViewModel.swift in Sources */ = {isa = PBXBuildFile; fileRef = 7880B2F2F9BAB5DC91F8B0C2 /* SignInViewModel.swift */; };
		6880B89E098956273AC0032A /* QRCodeView.swift in Sources */ = {isa = PBXBuildFile; fileRef = 6B4A4958CFA3CCEE2AF18A94 /* QRCodeView.swift */; };
		68E596191F2960CA5E8F6027 /* OrderHistoryView.swift in Sources */ = {isa = PBXBuildFile; fileRef = 8E696010F541FDFC34F22D4E /* OrderHistoryView.swift */; };
		6ACD0C6987DB425A21F592BE /* UpdateRequiredView.swift in Sources */ = {isa = PBXBuildFile; fileRef = 270D9DD9964E6987742B699F /* UpdateRequiredView.swift */; };
		6BCF07FB104240861AA7B14D /* DeviceDetailViewModel.swift in Sources */ = {isa = PBXBuildFile; fileRef = CA6452B7EFEFA36C2DCA1B73 /* DeviceDetailViewModel.swift */; };
		6C43F1B555D4C0F98DFF59AC /* APIClient.swift in Sources */ = {isa = PBXBuildFile; fileRef = 6F590B33018B52518E473826 /* APIClient.swift */; };
		7036989AE3B88842746D9999 /* ProductDetailView.swift in Sources */ = {isa = PBXBuildFile; fileRef = DD612BAE283B5B5C42C75A25 /* ProductDetailView.swift */; };
		71104258EEAA7C7745815889 /* LocalStore.swift in Sources */ = {isa = PBXBuildFile; fileRef = 5942D8F10497012501BF4901 /* LocalStore.swift */; };
		71E4F449DD88122F62475476 /* RunHistoryViewModel.swift in Sources */ = {isa = PBXBuildFile; fileRef = 282CC4FACBF2E0FA52081C4D /* RunHistoryViewModel.swift */; };
		766E625078E7DFDFFA6C84D9 /* ProfileView.swift in Sources */ = {isa = PBXBuildFile; fileRef = 9FF2CF1CA718D3DB4A19C7BD /* ProfileView.swift */; };
		7B0783E001D0FF3D2D6D49EE /* SettingsView.swift in Sources */ = {isa = PBXBuildFile; fileRef = 89871DF0894D04D46D916B26 /* SettingsView.swift */; };
		7CC0BD3978F85A25EC10DCA7 /* EmptyStateView.swift in Sources */ = {isa = PBXBuildFile; fileRef = 362DE5710E3C83C61089EFB6 /* EmptyStateView.swift */; };
		7CDFC482C5CD15748F8EB164 /* SocketClient.swift in Sources */ = {isa = PBXBuildFile; fileRef = 568284F031C76C144A411E78 /* SocketClient.swift */; };
		7E04278C553EA8D3F1C45847 /* Assets.xcassets in Resources */ = {isa = PBXBuildFile; fileRef = 39816E569B3E18B77A216951 /* Assets.xcassets */; };
		8166C310BED23E5520774184 /* DeviceMapViewModel.swift in Sources */ = {isa = PBXBuildFile; fileRef = 5041DC1B23AE52CEFE28B388 /* DeviceMapViewModel.swift */; };
		824EE2DEBC27F8F00B14DC94 /* AlertDetailView.swift in Sources */ = {isa = PBXBuildFile; fileRef = 4B36B16C524620D9F19754CA /* AlertDetailView.swift */; };
		845364FE9437917618A9C406 /* AlertsViewModel.swift in Sources */ = {isa = PBXBuildFile; fileRef = 91E2CAF6F2B2843E3FAFDA81 /* AlertsViewModel.swift */; };
		84B6F8FA19AEF0FEFF7C2AFE /* LoadingView.swift in Sources */ = {isa = PBXBuildFile; fileRef = 1CA7CFF26481534981434DED /* LoadingView.swift */; };
		85BBA8AA90A6F84A7F713C59 /* HeatmapCalendarViewModel.swift in Sources */ = {isa = PBXBuildFile; fileRef = 8B045FB188519FA9F441365A /* HeatmapCalendarViewModel.swift */; };
		8AC3EB3CC4A1DA239B28508B /* StoreKitManager.swift in Sources */ = {isa = PBXBuildFile; fileRef = 80109D925697C302D72E2F78 /* StoreKitManager.swift */; };
		8B2915D2D437967F466C8858 /* RequestBuilderTests.swift in Sources */ = {isa = PBXBuildFile; fileRef = 8BC5E7BD7D09E97C49A0C967 /* RequestBuilderTests.swift */; };
		8F9BF3097A8C637113010AB1 /* StopwatchView.swift in Sources */ = {isa = PBXBuildFile; fileRef = 7D8F66DD4AB609729A71DD1A /* StopwatchView.swift */; };
		8FC58F52B8FD0DAE7A76F077 /* ReleaseGateManager.swift in Sources */ = {isa = PBXBuildFile; fileRef = 765EB0F048354608BECF6173 /* ReleaseGateManager.swift */; };
		9168ED8EBF3FFB1B5B180BAC /* AppDelegate.swift in Sources */ = {isa = PBXBuildFile; fileRef = 34190732929A003811CFE93F /* AppDelegate.swift */; };
		94CF7BC1775673991B2F921F /* SecondaryButton.swift in Sources */ = {isa = PBXBuildFile; fileRef = DEC7DF0560BDDF8FF7CC0B72 /* SecondaryButton.swift */; };
		973B2B2E45A15FC4DFF354D8 /* DashboardViewModel.swift in Sources */ = {isa = PBXBuildFile; fileRef = 42009BC43B94A4D85AACE6A6 /* DashboardViewModel.swift */; };
		9A9DA4F96E41F2C65CFE2633 /* AppConfig.swift in Sources */ = {isa = PBXBuildFile; fileRef = CE0D681BE7AEA87B7C6B073F /* AppConfig.swift */; };
		9B04E43CFB0CA5C0E37D7BCD /* HealthDashboardViewModel.swift in Sources */ = {isa = PBXBuildFile; fileRef = 0A97CF7491D6B846A4F78F46 /* HealthDashboardViewModel.swift */; };
		9B1C7BBB080821C61B15A041 /* ResponseDecoder.swift in Sources */ = {isa = PBXBuildFile; fileRef = 356CF040EF7BA0679AA32D9B /* ResponseDecoder.swift */; };
		9B9E529520997CE0A3F86F36 /* MapSearchManager.swift in Sources */ = {isa = PBXBuildFile; fileRef = 0475A09D6432948147C5A574 /* MapSearchManager.swift */; };
		9C98E7F5B9A3C0A1200018B3 /* WelcomeView.swift in Sources */ = {isa = PBXBuildFile; fileRef = 417D0CABD8C8B4785A6C1AE1 /* WelcomeView.swift */; };
		9DDC55408A600A073AC8BA68 /* GoogleSignIn in Frameworks */ = {isa = PBXBuildFile; productRef = 20E9F4332B27C32C0A22AFD6 /* GoogleSignIn */; };
		9EA585582C7FCB7A44FCAA4B /* DevicePairingView.swift in Sources */ = {isa = PBXBuildFile; fileRef = 94B038489629E63048FE4C9A /* DevicePairingView.swift */; };
		A0A5332CB5436007B731A9A4 /* SessionManager.swift in Sources */ = {isa = PBXBuildFile; fileRef = C4F668A4BEE7643D5829ADD8 /* SessionManager.swift */; };
		A3826EE620BF6BD42D58B805 /* DeviceEventSyncService.swift in Sources */ = {isa = PBXBuildFile; fileRef = 315DCA955B01D6DD1AC2ECD9 /* DeviceEventSyncService.swift */; };
		A41CAC0B43D07A42C3B4B505 /* RemoteConfigClient.swift in Sources */ = {isa = PBXBuildFile; fileRef = FE6FCEFFBB75B66F4A88EC2A /* RemoteConfigClient.swift */; };
		A66E9A1DACE3954AF9D666A7 /* User.swift in Sources */ = {isa = PBXBuildFile; fileRef = 3EE29CA9BC70E2FAFEB84C00 /* User.swift */; };
		A84770BBF3ABD09CF001A346 /* GymDetailView.swift in Sources */ = {isa = PBXBuildFile; fileRef = 338F134A72D75AFA915EF027 /* GymDetailView.swift */; };
		A8C24287C6F7488EB9006995 /* NotificationPermissionManager.swift in Sources */ = {isa = PBXBuildFile; fileRef = 154B191CC69DFF3B28E36D37 /* NotificationPermissionManager.swift */; };
		A1B2C3D4E5F60718293A4B5C /* CycleTrackingView.swift in Sources */ = {isa = PBXBuildFile; fileRef = B1C2D3E4F5061728394A5B6C /* CycleTrackingView.swift */; };
		AA827AD9EE3687FC55BD8648 /* gs-eye-iris-master.pdf in Resources */ = {isa = PBXBuildFile; fileRef = 068EFCAE20763E29C80EF6FB /* gs-eye-iris-master.pdf */; };
		AB6408C3F61982FF8C019496 /* TokenStore.swift in Sources */ = {isa = PBXBuildFile; fileRef = CC9CFC2797AD596756034BBE /* TokenStore.swift */; };
		B5C854334FABEF07A5FB39C7 /* DeviceMapView.swift in Sources */ = {isa = PBXBuildFile; fileRef = D0E1A45B997811D066252B2D /* DeviceMapView.swift */; };
		B9132BE19983FED0AB1F25E9 /* ActiveWorkoutView.swift in Sources */ = {isa = PBXBuildFile; fileRef = 866D40788493E59429903BBA /* ActiveWorkoutView.swift */; };
		BA214A124C701E9705A97225 /* MetricsLogView.swift in Sources */ = {isa = PBXBuildFile; fileRef = 67FDD9EA8D9439FA5BFE3EEC /* MetricsLogView.swift */; };
		BA52359135FCB3F40C6348A2 /* ActiveRunView.swift in Sources */ = {isa = PBXBuildFile; fileRef = 1912FE4772AD939ECEABD7E8 /* ActiveRunView.swift */; };
		C1AC600ABAD186DCFAA2A3D9 /* StoreHomeViewModel.swift in Sources */ = {isa = PBXBuildFile; fileRef = 82C3C6DF7919DBC057A43CFA /* StoreHomeViewModel.swift */; };
		C2A9E87430D9029A58E8A3D1 /* BLESignalMonitor.swift in Sources */ = {isa = PBXBuildFile; fileRef = BB4F6EF46EE851C846BE8B98 /* BLESignalMonitor.swift */; };
		C2C54017F71B796A166C970B /* DeviceDetailView.swift in Sources */ = {isa = PBXBuildFile; fileRef = 196547EBE5AAE728369FB79D /* DeviceDetailView.swift */; };
		C771426D99982CF60723DE02 /* PermissionGateManager.swift in Sources */ = {isa = PBXBuildFile; fileRef = 5E5B10371664AD313AD389E2 /* PermissionGateManager.swift */; };
		CA745989EECE1AE4CBE13C67 /* RunHistoryView.swift in Sources */ = {isa = PBXBuildFile; fileRef = E8A5B9B9DE0FBE8BB7F133FC /* RunHistoryView.swift */; };
		CBCA7EE167D06614ED285AD5 /* PaymentService.swift in Sources */ = {isa = PBXBuildFile; fileRef = D929C599AC0FE4E0FBCC10F1 /* PaymentService.swift */; };
		CD24680F795A40FDE7DC9A40 /* AppDatabase.swift in Sources */ = {isa = PBXBuildFile; fileRef = 518B69DE4EEB05013965BA16 /* AppDatabase.swift */; };
		CD56478B5EB09ED47A71E05F /* CartView.swift in Sources */ = {isa = PBXBuildFile; fileRef = 6AA0026640D6A92A71A03DF0 /* CartView.swift */; };
		CD709CBCE5BFFCBCA4A9D7C8 /* PermissionsRequestView.swift in Sources */ = {isa = PBXBuildFile; fileRef = 9E516EC05EA2E882165EC607 /* PermissionsRequestView.swift */; };
		CF443E352F433E5677219483 /* coverage.geojson in Resources */ = {isa = PBXBuildFile; fileRef = 7A8FAD0447CAA96B7AAD5FE8 /* coverage.geojson */; };
		D08ACB55AE0D613900A5871E /* ApplePayButton.swift in Sources */ = {isa = PBXBuildFile; fileRef = 7C214E8EAE2147E0D752B9D5 /* ApplePayButton.swift */; };
		D28F759FEDBA4B1E71568B02 /* FeatureFlags.swift in Sources */ = {isa = PBXBuildFile; fileRef = 1620CF81D724DC3279BCC97D /* FeatureFlags.swift */; };
		D324A4D52CBF1C63B30D3816 /* RunTrackingManager.swift in Sources */ = {isa = PBXBuildFile; fileRef = 12CD1E1D646849EADF918A43 /* RunTrackingManager.swift */; };
		D4F0427389476DE29BE009FD /* LocationManager.swift in Sources */ = {isa = PBXBuildFile; fileRef = 67550D7F3CED6EDCE592F5A5 /* LocationManager.swift */; };
		D583FA108DD2C41A75D2814C /* View+Modifiers.swift in Sources */ = {isa = PBXBuildFile; fileRef = 1F698EA7D1CDA146902DD6DB /* View+Modifiers.swift */; };
		D5A09CE97E771D46FF38AD33 /* SignalStrengthView.swift in Sources */ = {isa = PBXBuildFile; fileRef = AE9C27262DB7A656CE7D9EF2 /* SignalStrengthView.swift */; };
		D977C64BDD05A98BBCF428AC /* OnboardingViewModel.swift in Sources */ = {isa = PBXBuildFile; fileRef = 0D945F2BF6C97E6654C9BF18 /* OnboardingViewModel.swift */; };
		DEC76F5BE0B6B72A5D0FB0D1 /* DosingCalculatorView.swift in Sources */ = {isa = PBXBuildFile; fileRef = F8CD7598811AF36A137595A6 /* DosingCalculatorView.swift */; };
		DF96153FB19AEBF3ED46981E /* HealthKitManager.swift in Sources */ = {isa = PBXBuildFile; fileRef = 6B0427DD41CE5177C56D180C /* HealthKitManager.swift */; };
		DF9ED7A103B8B2E5E3A85E27 /* WorkoutDetailView.swift in Sources */ = {isa = PBXBuildFile; fileRef = 88F615771AA8AEC73889AAE6 /* WorkoutDetailView.swift */; };
		E27E6E7226C8549C3A1C3EA5 /* BLEStateObserver.swift in Sources */ = {isa = PBXBuildFile; fileRef = 262EA565146C455B16AD63AD /* BLEStateObserver.swift */; };
		E51FD70233766D95E4F77199 /* CalorieDashboardView.swift in Sources */ = {isa = PBXBuildFile; fileRef = 0ACA51E64EAF81AEFD81AAEA /* CalorieDashboardView.swift */; };
		E8647049DB928986E657E76E /* CartViewModel.swift in Sources */ = {isa = PBXBuildFile; fileRef = 4AADEB4E2DE2686C4781E1B7 /* CartViewModel.swift */; };
		EA3B60AED7DB06423FF6DA62 /* BMICalculatorView.swift in Sources */ = {isa = PBXBuildFile; fileRef = AEC366A48A139E8E12577C17 /* BMICalculatorView.swift */; };
		EB6DDAF8056E408BA49857D0 /* HeatmapCalendarView.swift in Sources */ = {isa = PBXBuildFile; fileRef = 9865ACC598B773EBE5646783 /* HeatmapCalendarView.swift */; };
		ECE1F3509A9C2837F0EB1685 /* RequestBuilder.swift in Sources */ = {isa = PBXBuildFile; fileRef = 0A51F4F70A487D475FF0DACC /* RequestBuilder.swift */; };
		EF2664825895989401CE8026 /* GearSnitch.storekit in Resources */ = {isa = PBXBuildFile; fileRef = 3FB6FF132F60FB46F1F2B652 /* GearSnitch.storekit */; };
		F085C3A9EB1ACADE41784C58 /* ErrorView.swift in Sources */ = {isa = PBXBuildFile; fileRef = AAC4503FD69B7AD8694A9DCA /* ErrorView.swift */; };
		F0DA7AD286B5A3BF2E2C87F9 /* CheckoutView.swift in Sources */ = {isa = PBXBuildFile; fileRef = C44012CC8C69A572397415B6 /* CheckoutView.swift */; };
		F1CC5FC68F6201B3F82437D4 /* KeychainStore.swift in Sources */ = {isa = PBXBuildFile; fileRef = F7447513075EF893EBB81204 /* KeychainStore.swift */; };
		F36D288912DEB77D0A4C88F8 /* BLEAlarmSoundPlayer.swift in Sources */ = {isa = PBXBuildFile; fileRef = 56898CE55871136E842BEC60 /* BLEAlarmSoundPlayer.swift */; };
		F5E99B110ED3A204F3F0E8F1 /* BLEDevice.swift in Sources */ = {isa = PBXBuildFile; fileRef = FF38A290D64009E04FD4D16B /* BLEDevice.swift */; };
		F84B6605B78AB4F245082176 /* RealtimeEventBus.swift in Sources */ = {isa = PBXBuildFile; fileRef = BBFC6CFBC32F137AA69630AF /* RealtimeEventBus.swift */; };
		F9ED8EC13F85DD933F5F65E9 /* AlertsView.swift in Sources */ = {isa = PBXBuildFile; fileRef = C04D78BFC71C27FFF42FFEF6 /* AlertsView.swift */; };
		F9FF68FC8A8F7610D080246D /* HealthDashboardView.swift in Sources */ = {isa = PBXBuildFile; fileRef = 89CEF8FD5047731B712D190C /* HealthDashboardView.swift */; };
		FA5D6CCABA743DCD4C612B7F /* SubscriptionCardsView.swift in Sources */ = {isa = PBXBuildFile; fileRef = E3D41BE3A80DECDB05BE7D2B /* SubscriptionCardsView.swift */; };
		FB02AF8BFF6F83E9C2D88063 /* Color+GearSnitch.swift in Sources */ = {isa = PBXBuildFile; fileRef = 3505130765F6628D9FD17C33 /* Color+GearSnitch.swift */; };
		FC0580E13728963B876D4C9D /* ReferralViewModel.swift in Sources */ = {isa = PBXBuildFile; fileRef = B9CF17771E707F32C8ECA907 /* ReferralViewModel.swift */; };
		FEDFD0F6AC5AB05417853194 /* SubscriptionStatusView.swift in Sources */ = {isa = PBXBuildFile; fileRef = E75F8AB51C3E4A6DB76F9F85 /* SubscriptionStatusView.swift */; };
		FF89A38F1BD7EE761080EF75 /* DevicePairingFlowView.swift in Sources */ = {isa = PBXBuildFile; fileRef = 9891D4E63956E6434AD903A2 /* DevicePairingFlowView.swift */; };
		FF9F30F3785D6ABC696FA0E2 /* EmergencyContactsView.swift in Sources */ = {isa = PBXBuildFile; fileRef = E94C544CFF8B8BA06822F249 /* EmergencyContactsView.swift */; };
/* End PBXBuildFile section */

/* Begin PBXContainerItemProxy section */
		57BD7FDA3FD911C476FD9ADE /* PBXContainerItemProxy */ = {
			isa = PBXContainerItemProxy;
			containerPortal = BBE1BCD4DFAE9AAA147B6DCD /* Project object */;
			proxyType = 1;
			remoteGlobalIDString = ECF6BEF24B590549BDA03608;
			remoteInfo = GearSnitch;
		};
		B753B5C0E750057670794459 /* PBXContainerItemProxy */ = {
			isa = PBXContainerItemProxy;
			containerPortal = BBE1BCD4DFAE9AAA147B6DCD /* Project object */;
			proxyType = 1;
			remoteGlobalIDString = ECF6BEF24B590549BDA03608;
			remoteInfo = GearSnitch;
		};
/* End PBXContainerItemProxy section */

/* Begin PBXFileReference section */
		026C428CF4CCF85191191B0B /* APIEndpoint.swift */ = {isa = PBXFileReference; lastKnownFileType = sourcecode.swift; path = APIEndpoint.swift; sourceTree = "<group>"; };
		03EB90ADAAC9DC50555F55EE /* HealthKitPermissions.swift */ = {isa = PBXFileReference; lastKnownFileType = sourcecode.swift; path = HealthKitPermissions.swift; sourceTree = "<group>"; };
		0475A09D6432948147C5A574 /* MapSearchManager.swift */ = {isa = PBXFileReference; lastKnownFileType = sourcecode.swift; path = MapSearchManager.swift; sourceTree = "<group>"; };
		0619737EE7E3393951FA1D62 /* GearSnitchTests.xctest */ = {isa = PBXFileReference; includeInIndex = 0; lastKnownFileType = wrapper.cfbundle; path = GearSnitchTests.xctest; sourceTree = BUILT_PRODUCTS_DIR; };
		068EFCAE20763E29C80EF6FB /* gs-eye-iris-master.pdf */ = {isa = PBXFileReference; lastKnownFileType = image.pdf; path = "gs-eye-iris-master.pdf"; sourceTree = "<group>"; };
		0A51F4F70A487D475FF0DACC /* RequestBuilder.swift */ = {isa = PBXFileReference; lastKnownFileType = sourcecode.swift; path = RequestBuilder.swift; sourceTree = "<group>"; };
		0A87B12D0792AE9A7DD273AE /* HealthKitSyncService.swift */ = {isa = PBXFileReference; lastKnownFileType = sourcecode.swift; path = HealthKitSyncService.swift; sourceTree = "<group>"; };
		0A97CF7491D6B846A4F78F46 /* HealthDashboardViewModel.swift */ = {isa = PBXFileReference; lastKnownFileType = sourcecode.swift; path = HealthDashboardViewModel.swift; sourceTree = "<group>"; };
		0ACA51E64EAF81AEFD81AAEA /* CalorieDashboardView.swift */ = {isa = PBXFileReference; lastKnownFileType = sourcecode.swift; path = CalorieDashboardView.swift; sourceTree = "<group>"; };
		0CD649EBADF6DB15233E9E7B /* OfflineQueue.swift */ = {isa = PBXFileReference; lastKnownFileType = sourcecode.swift; path = OfflineQueue.swift; sourceTree = "<group>"; };
		0D945F2BF6C97E6654C9BF18 /* OnboardingViewModel.swift */ = {isa = PBXFileReference; lastKnownFileType = sourcecode.swift; path = OnboardingViewModel.swift; sourceTree = "<group>"; };
		11EBE9A263604C413029119F /* DeviceListView.swift */ = {isa = PBXFileReference; lastKnownFileType = sourcecode.swift; path = DeviceListView.swift; sourceTree = "<group>"; };
		12CD1E1D646849EADF918A43 /* RunTrackingManager.swift */ = {isa = PBXFileReference; lastKnownFileType = sourcecode.swift; path = RunTrackingManager.swift; sourceTree = "<group>"; };
		154B191CC69DFF3B28E36D37 /* NotificationPermissionManager.swift */ = {isa = PBXFileReference; lastKnownFileType = sourcecode.swift; path = NotificationPermissionManager.swift; sourceTree = "<group>"; };
		1620CF81D724DC3279BCC97D /* FeatureFlags.swift */ = {isa = PBXFileReference; lastKnownFileType = sourcecode.swift; path = FeatureFlags.swift; sourceTree = "<group>"; };
		18DD21DE66D7C8932E06A0B4 /* ProfileViewModel.swift */ = {isa = PBXFileReference; lastKnownFileType = sourcecode.swift; path = ProfileViewModel.swift; sourceTree = "<group>"; };
		1912FE4772AD939ECEABD7E8 /* ActiveRunView.swift */ = {isa = PBXFileReference; lastKnownFileType = sourcecode.swift; path = ActiveRunView.swift; sourceTree = "<group>"; };
		196547EBE5AAE728369FB79D /* DeviceDetailView.swift */ = {isa = PBXFileReference; lastKnownFileType = sourcecode.swift; path = DeviceDetailView.swift; sourceTree = "<group>"; };
		1A7437B9A89048C773D306EC /* MainTabView.swift */ = {isa = PBXFileReference; lastKnownFileType = sourcecode.swift; path = MainTabView.swift; sourceTree = "<group>"; };
		1CA7CFF26481534981434DED /* LoadingView.swift */ = {isa = PBXFileReference; lastKnownFileType = sourcecode.swift; path = LoadingView.swift; sourceTree = "<group>"; };
		1F698EA7D1CDA146902DD6DB /* View+Modifiers.swift */ = {isa = PBXFileReference; lastKnownFileType = sourcecode.swift; path = "View+Modifiers.swift"; sourceTree = "<group>"; };
		25094CC0AAD6413921521FD0 /* GymListView.swift */ = {isa = PBXFileReference; lastKnownFileType = sourcecode.swift; path = GymListView.swift; sourceTree = "<group>"; };
		262EA565146C455B16AD63AD /* BLEStateObserver.swift */ = {isa = PBXFileReference; lastKnownFileType = sourcecode.swift; path = BLEStateObserver.swift; sourceTree = "<group>"; };
		270D9DD9964E6987742B699F /* UpdateRequiredView.swift */ = {isa = PBXFileReference; lastKnownFileType = sourcecode.swift; path = UpdateRequiredView.swift; sourceTree = "<group>"; };
		282CC4FACBF2E0FA52081C4D /* RunHistoryViewModel.swift */ = {isa = PBXFileReference; lastKnownFileType = sourcecode.swift; path = RunHistoryViewModel.swift; sourceTree = "<group>"; };
		2969551DF2A3FCCBB44CF308 /* Date+Formatting.swift */ = {isa = PBXFileReference; lastKnownFileType = sourcecode.swift; path = "Date+Formatting.swift"; sourceTree = "<group>"; };
		315DCA955B01D6DD1AC2ECD9 /* DeviceEventSyncService.swift */ = {isa = PBXFileReference; lastKnownFileType = sourcecode.swift; path = DeviceEventSyncService.swift; sourceTree = "<group>"; };
		336679F15832921BE8598D24 /* GymRegionMonitor.swift */ = {isa = PBXFileReference; lastKnownFileType = sourcecode.swift; path = GymRegionMonitor.swift; sourceTree = "<group>"; };
		338F134A72D75AFA915EF027 /* GymDetailView.swift */ = {isa = PBXFileReference; lastKnownFileType = sourcecode.swift; path = GymDetailView.swift; sourceTree = "<group>"; };
		34190732929A003811CFE93F /* AppDelegate.swift */ = {isa = PBXFileReference; lastKnownFileType = sourcecode.swift; path = AppDelegate.swift; sourceTree = "<group>"; };
		3505130765F6628D9FD17C33 /* Color+GearSnitch.swift */ = {isa = PBXFileReference; lastKnownFileType = sourcecode.swift; path = "Color+GearSnitch.swift"; sourceTree = "<group>"; };
		356CF040EF7BA0679AA32D9B /* ResponseDecoder.swift */ = {isa = PBXFileReference; lastKnownFileType = sourcecode.swift; path = ResponseDecoder.swift; sourceTree = "<group>"; };
		362DE5710E3C83C61089EFB6 /* EmptyStateView.swift */ = {isa = PBXFileReference; lastKnownFileType = sourcecode.swift; path = EmptyStateView.swift; sourceTree = "<group>"; };
		3685DC0D9F363BEE0B9CE350 /* PushNotificationHandler.swift */ = {isa = PBXFileReference; lastKnownFileType = sourcecode.swift; path = PushNotificationHandler.swift; sourceTree = "<group>"; };
		39816E569B3E18B77A216951 /* Assets.xcassets */ = {isa = PBXFileReference; lastKnownFileType = folder.assetcatalog; path = Assets.xcassets; sourceTree = "<group>"; };
		3EE29CA9BC70E2FAFEB84C00 /* User.swift */ = {isa = PBXFileReference; lastKnownFileType = sourcecode.swift; path = User.swift; sourceTree = "<group>"; };
		3FB6FF132F60FB46F1F2B652 /* GearSnitch.storekit */ = {isa = PBXFileReference; path = GearSnitch.storekit; sourceTree = "<group>"; };
		417D0CABD8C8B4785A6C1AE1 /* WelcomeView.swift */ = {isa = PBXFileReference; lastKnownFileType = sourcecode.swift; path = WelcomeView.swift; sourceTree = "<group>"; };
		42009BC43B94A4D85AACE6A6 /* DashboardViewModel.swift */ = {isa = PBXFileReference; lastKnownFileType = sourcecode.swift; path = DashboardViewModel.swift; sourceTree = "<group>"; };
		4AADEB4E2DE2686C4781E1B7 /* CartViewModel.swift */ = {isa = PBXFileReference; lastKnownFileType = sourcecode.swift; path = CartViewModel.swift; sourceTree = "<group>"; };
		4B36B16C524620D9F19754CA /* AlertDetailView.swift */ = {isa = PBXFileReference; lastKnownFileType = sourcecode.swift; path = AlertDetailView.swift; sourceTree = "<group>"; };
		4BED958861CEFA542CA1CE5D /* CalendarSyncService.swift */ = {isa = PBXFileReference; lastKnownFileType = sourcecode.swift; path = CalendarSyncService.swift; sourceTree = "<group>"; };
		4E6FC728320A895C25B95E05 /* GymListViewModel.swift */ = {isa = PBXFileReference; lastKnownFileType = sourcecode.swift; path = GymListViewModel.swift; sourceTree = "<group>"; };
		4ED90ED47B2C7532C3950E45 /* BLEScanner.swift */ = {isa = PBXFileReference; lastKnownFileType = sourcecode.swift; path = BLEScanner.swift; sourceTree = "<group>"; };
		4F727210E1B56639BE47E1E5 /* DayDetailView.swift */ = {isa = PBXFileReference; lastKnownFileType = sourcecode.swift; path = DayDetailView.swift; sourceTree = "<group>"; };
		5041DC1B23AE52CEFE28B388 /* DeviceMapViewModel.swift */ = {isa = PBXFileReference; lastKnownFileType = sourcecode.swift; path = DeviceMapViewModel.swift; sourceTree = "<group>"; };
		51480EC335EB26C4CE925C66 /* SubscriptionView.swift */ = {isa = PBXFileReference; lastKnownFileType = sourcecode.swift; path = SubscriptionView.swift; sourceTree = "<group>"; };
		518B69DE4EEB05013965BA16 /* AppDatabase.swift */ = {isa = PBXFileReference; lastKnownFileType = sourcecode.swift; path = AppDatabase.swift; sourceTree = "<group>"; };
		55C5CE24F4D0356582F849DD /* MeshChatViewModel.swift */ = {isa = PBXFileReference; lastKnownFileType = sourcecode.swift; path = MeshChatViewModel.swift; sourceTree = "<group>"; };
		568284F031C76C144A411E78 /* SocketClient.swift */ = {isa = PBXFileReference; lastKnownFileType = sourcecode.swift; path = SocketClient.swift; sourceTree = "<group>"; };
		56898CE55871136E842BEC60 /* BLEAlarmSoundPlayer.swift */ = {isa = PBXFileReference; lastKnownFileType = sourcecode.swift; path = BLEAlarmSoundPlayer.swift; sourceTree = "<group>"; };
		58E1451727196C98AB732061 /* ReleaseGateManagerTests.swift */ = {isa = PBXFileReference; lastKnownFileType = sourcecode.swift; path = ReleaseGateManagerTests.swift; sourceTree = "<group>"; };
		5942D8F10497012501BF4901 /* LocalStore.swift */ = {isa = PBXFileReference; lastKnownFileType = sourcecode.swift; path = LocalStore.swift; sourceTree = "<group>"; };
		5C046F4715799B2015B386A4 /* PaymentModels.swift */ = {isa = PBXFileReference; lastKnownFileType = sourcecode.swift; path = PaymentModels.swift; sourceTree = "<group>"; };
		5E5B10371664AD313AD389E2 /* PermissionGateManager.swift */ = {isa = PBXFileReference; lastKnownFileType = sourcecode.swift; path = PermissionGateManager.swift; sourceTree = "<group>"; };
		5F654EDC6D283F1CFA8D355F /* DeviceStatusBadge.swift */ = {isa = PBXFileReference; lastKnownFileType = sourcecode.swift; path = DeviceStatusBadge.swift; sourceTree = "<group>"; };
		63CF89913B054F363A8C8B39 /* AuthManager.swift */ = {isa = PBXFileReference; lastKnownFileType = sourcecode.swift; path = AuthManager.swift; sourceTree = "<group>"; };
		65040AD89C646F2EB1439629 /* BLEManager.swift */ = {isa = PBXFileReference; lastKnownFileType = sourcecode.swift; path = BLEManager.swift; sourceTree = "<group>"; };
		67550D7F3CED6EDCE592F5A5 /* LocationManager.swift */ = {isa = PBXFileReference; lastKnownFileType = sourcecode.swift; path = LocationManager.swift; sourceTree = "<group>"; };
		67FDD9EA8D9439FA5BFE3EEC /* MetricsLogView.swift */ = {isa = PBXFileReference; lastKnownFileType = sourcecode.swift; path = MetricsLogView.swift; sourceTree = "<group>"; };
		686919D6DA2B3CE85F3384C6 /* WorkoutListView.swift */ = {isa = PBXFileReference; lastKnownFileType = sourcecode.swift; path = WorkoutListView.swift; sourceTree = "<group>"; };
		6AA0026640D6A92A71A03DF0 /* CartView.swift */ = {isa = PBXFileReference; lastKnownFileType = sourcecode.swift; path = CartView.swift; sourceTree = "<group>"; };
		6B0427DD41CE5177C56D180C /* HealthKitManager.swift */ = {isa = PBXFileReference; lastKnownFileType = sourcecode.swift; path = HealthKitManager.swift; sourceTree = "<group>"; };
		6B4A4958CFA3CCEE2AF18A94 /* QRCodeView.swift */ = {isa = PBXFileReference; lastKnownFileType = sourcecode.swift; path = QRCodeView.swift; sourceTree = "<group>"; };
		6CA942AC63EEB8075ECA7ECC /* ActiveWorkoutViewModel.swift */ = {isa = PBXFileReference; lastKnownFileType = sourcecode.swift; path = ActiveWorkoutViewModel.swift; sourceTree = "<group>"; };
		6F590B33018B52518E473826 /* APIClient.swift */ = {isa = PBXFileReference; lastKnownFileType = sourcecode.swift; path = APIClient.swift; sourceTree = "<group>"; };
		70F9CF4C94401C2900ADB20B /* GoogleSignInManager.swift */ = {isa = PBXFileReference; lastKnownFileType = sourcecode.swift; path = GoogleSignInManager.swift; sourceTree = "<group>"; };
		765EB0F048354608BECF6173 /* ReleaseGateManager.swift */ = {isa = PBXFileReference; lastKnownFileType = sourcecode.swift; path = ReleaseGateManager.swift; sourceTree = "<group>"; };
		7880B2F2F9BAB5DC91F8B0C2 /* SignInViewModel.swift */ = {isa = PBXFileReference; lastKnownFileType = sourcecode.swift; path = SignInViewModel.swift; sourceTree = "<group>"; };
		79569B64C87DB4A7411D0AB1 /* CalorieDashboardViewModel.swift */ = {isa = PBXFileReference; lastKnownFileType = sourcecode.swift; path = CalorieDashboardViewModel.swift; sourceTree = "<group>"; };
		7A677BC7E409D0857BB4033A /* AppCoordinator.swift */ = {isa = PBXFileReference; lastKnownFileType = sourcecode.swift; path = AppCoordinator.swift; sourceTree = "<group>"; };
		7A8FAD0447CAA96B7AAD5FE8 /* coverage.geojson */ = {isa = PBXFileReference; path = coverage.geojson; sourceTree = "<group>"; };
		7C214E8EAE2147E0D752B9D5 /* ApplePayButton.swift */ = {isa = PBXFileReference; lastKnownFileType = sourcecode.swift; path = ApplePayButton.swift; sourceTree = "<group>"; };
		7D8F66DD4AB609729A71DD1A /* StopwatchView.swift */ = {isa = PBXFileReference; lastKnownFileType = sourcecode.swift; path = StopwatchView.swift; sourceTree = "<group>"; };
		7FDAF6E82525532EB0FFC115 /* LogMealView.swift */ = {isa = PBXFileReference; lastKnownFileType = sourcecode.swift; path = LogMealView.swift; sourceTree = "<group>"; };
		80109D925697C302D72E2F78 /* StoreKitManager.swift */ = {isa = PBXFileReference; lastKnownFileType = sourcecode.swift; path = StoreKitManager.swift; sourceTree = "<group>"; };
		82C3C6DF7919DBC057A43CFA /* StoreHomeViewModel.swift */ = {isa = PBXFileReference; lastKnownFileType = sourcecode.swift; path = StoreHomeViewModel.swift; sourceTree = "<group>"; };
		835D70A91468F0D0A7B8FD08 /* DeviceListViewModel.swift */ = {isa = PBXFileReference; lastKnownFileType = sourcecode.swift; path = DeviceListViewModel.swift; sourceTree = "<group>"; };
		866D40788493E59429903BBA /* ActiveWorkoutView.swift */ = {isa = PBXFileReference; lastKnownFileType = sourcecode.swift; path = ActiveWorkoutView.swift; sourceTree = "<group>"; };
		877839AB8E10C41E15B46325 /* NotificationPreferencesView.swift */ = {isa = PBXFileReference; lastKnownFileType = sourcecode.swift; path = NotificationPreferencesView.swift; sourceTree = "<group>"; };
		88F615771AA8AEC73889AAE6 /* WorkoutDetailView.swift */ = {isa = PBXFileReference; lastKnownFileType = sourcecode.swift; path = WorkoutDetailView.swift; sourceTree = "<group>"; };
		89871DF0894D04D46D916B26 /* SettingsView.swift */ = {isa = PBXFileReference; lastKnownFileType = sourcecode.swift; path = SettingsView.swift; sourceTree = "<group>"; };
		89CEF8FD5047731B712D190C /* HealthDashboardView.swift */ = {isa = PBXFileReference; lastKnownFileType = sourcecode.swift; path = HealthDashboardView.swift; sourceTree = "<group>"; };
		8B045FB188519FA9F441365A /* HeatmapCalendarViewModel.swift */ = {isa = PBXFileReference; lastKnownFileType = sourcecode.swift; path = HeatmapCalendarViewModel.swift; sourceTree = "<group>"; };
		8BC5E7BD7D09E97C49A0C967 /* RequestBuilderTests.swift */ = {isa = PBXFileReference; lastKnownFileType = sourcecode.swift; path = RequestBuilderTests.swift; sourceTree = "<group>"; };
		8E696010F541FDFC34F22D4E /* OrderHistoryView.swift */ = {isa = PBXFileReference; lastKnownFileType = sourcecode.swift; path = OrderHistoryView.swift; sourceTree = "<group>"; };
		91E2CAF6F2B2843E3FAFDA81 /* AlertsViewModel.swift */ = {isa = PBXFileReference; lastKnownFileType = sourcecode.swift; path = AlertsViewModel.swift; sourceTree = "<group>"; };
		9325AC6C409A2219EA8CBF23 /* ApplePayManager.swift */ = {isa = PBXFileReference; lastKnownFileType = sourcecode.swift; path = ApplePayManager.swift; sourceTree = "<group>"; };
		942B2AA3801B97D73525058B /* OnboardingView.swift */ = {isa = PBXFileReference; lastKnownFileType = sourcecode.swift; path = OnboardingView.swift; sourceTree = "<group>"; };
		94B038489629E63048FE4C9A /* DevicePairingView.swift */ = {isa = PBXFileReference; lastKnownFileType = sourcecode.swift; path = DevicePairingView.swift; sourceTree = "<group>"; };
		9865ACC598B773EBE5646783 /* HeatmapCalendarView.swift */ = {isa = PBXFileReference; lastKnownFileType = sourcecode.swift; path = HeatmapCalendarView.swift; sourceTree = "<group>"; };
		9891D4E63956E6434AD903A2 /* DevicePairingFlowView.swift */ = {isa = PBXFileReference; lastKnownFileType = sourcecode.swift; path = DevicePairingFlowView.swift; sourceTree = "<group>"; };
		98F02E134CFB752029AB55FC /* AnalyticsClient.swift */ = {isa = PBXFileReference; lastKnownFileType = sourcecode.swift; path = AnalyticsClient.swift; sourceTree = "<group>"; };
		9CAC67BC594D4708288A3628 /* DosingCalculatorViewModel.swift */ = {isa = PBXFileReference; lastKnownFileType = sourcecode.swift; path = DosingCalculatorViewModel.swift; sourceTree = "<group>"; };
		9E516EC05EA2E882165EC607 /* PermissionsRequestView.swift */ = {isa = PBXFileReference; lastKnownFileType = sourcecode.swift; path = PermissionsRequestView.swift; sourceTree = "<group>"; };
		9FF2CF1CA718D3DB4A19C7BD /* ProfileView.swift */ = {isa = PBXFileReference; lastKnownFileType = sourcecode.swift; path = ProfileView.swift; sourceTree = "<group>"; };
		A5E2DFF65221701A95E77180 /* MeshNetworkManager.swift */ = {isa = PBXFileReference; lastKnownFileType = sourcecode.swift; path = MeshNetworkManager.swift; sourceTree = "<group>"; };
		A71772E62CED642AC9F4DEA9 /* RootView.swift */ = {isa = PBXFileReference; lastKnownFileType = sourcecode.swift; path = RootView.swift; sourceTree = "<group>"; };
		A7DCB03117FA18BA9DC91CE1 /* GeofenceManager.swift */ = {isa = PBXFileReference; lastKnownFileType = sourcecode.swift; path = GeofenceManager.swift; sourceTree = "<group>"; };
		AAC4503FD69B7AD8694A9DCA /* ErrorView.swift */ = {isa = PBXFileReference; lastKnownFileType = sourcecode.swift; path = ErrorView.swift; sourceTree = "<group>"; };
		AE9C27262DB7A656CE7D9EF2 /* SignalStrengthView.swift */ = {isa = PBXFileReference; lastKnownFileType = sourcecode.swift; path = SignalStrengthView.swift; sourceTree = "<group>"; };
			AEC366A48A139E8E12577C17 /* BMICalculatorView.swift */ = {isa = PBXFileReference; lastKnownFileType = sourcecode.swift; path = BMICalculatorView.swift; sourceTree = "<group>"; };
			AFCE813887395F69511F0DF4 /* PanicAlarmManager.swift */ = {isa = PBXFileReference; lastKnownFileType = sourcecode.swift; path = PanicAlarmManager.swift; sourceTree = "<group>"; };
			B1C2D3E4F5061728394A5B6C /* CycleTrackingView.swift */ = {isa = PBXFileReference; lastKnownFileType = sourcecode.swift; path = CycleTrackingView.swift; sourceTree = "<group>"; };
			B3B4FD86275B132DA96B5D8A /* ReferralView.swift */ = {isa = PBXFileReference; lastKnownFileType = sourcecode.swift; path = ReferralView.swift; sourceTree = "<group>"; };
		B6BFD5D2EE043E841AA7B600 /* MeshChatView.swift */ = {isa = PBXFileReference; lastKnownFileType = sourcecode.swift; path = MeshChatView.swift; sourceTree = "<group>"; };
		B9CF17771E707F32C8ECA907 /* ReferralViewModel.swift */ = {isa = PBXFileReference; lastKnownFileType = sourcecode.swift; path = ReferralViewModel.swift; sourceTree = "<group>"; };
		BB4F6EF46EE851C846BE8B98 /* BLESignalMonitor.swift */ = {isa = PBXFileReference; lastKnownFileType = sourcecode.swift; path = BLESignalMonitor.swift; sourceTree = "<group>"; };
		BBFC6CFBC32F137AA69630AF /* RealtimeEventBus.swift */ = {isa = PBXFileReference; lastKnownFileType = sourcecode.swift; path = RealtimeEventBus.swift; sourceTree = "<group>"; };
		BC5EDE2248932D1DB76591E7 /* WaterTrackerView.swift */ = {isa = PBXFileReference; lastKnownFileType = sourcecode.swift; path = WaterTrackerView.swift; sourceTree = "<group>"; };
		BECCC104090AC7F96D2D407E /* SocketEventHandler.swift */ = {isa = PBXFileReference; lastKnownFileType = sourcecode.swift; path = SocketEventHandler.swift; sourceTree = "<group>"; };
		C04D78BFC71C27FFF42FFEF6 /* AlertsView.swift */ = {isa = PBXFileReference; lastKnownFileType = sourcecode.swift; path = AlertsView.swift; sourceTree = "<group>"; };
		C44012CC8C69A572397415B6 /* CheckoutView.swift */ = {isa = PBXFileReference; lastKnownFileType = sourcecode.swift; path = CheckoutView.swift; sourceTree = "<group>"; };
		C48810DB5F6525DFBA03BCBC /* ResponseDecoderTests.swift */ = {isa = PBXFileReference; lastKnownFileType = sourcecode.swift; path = ResponseDecoderTests.swift; sourceTree = "<group>"; };
		C4F668A4BEE7643D5829ADD8 /* SessionManager.swift */ = {isa = PBXFileReference; lastKnownFileType = sourcecode.swift; path = SessionManager.swift; sourceTree = "<group>"; };
		C72A3F57652B3904DA4C0B1D /* PrimaryButton.swift */ = {isa = PBXFileReference; lastKnownFileType = sourcecode.swift; path = PrimaryButton.swift; sourceTree = "<group>"; };
		C8BC18F04EE32D8091DFEABE /* StopwatchViewModel.swift */ = {isa = PBXFileReference; lastKnownFileType = sourcecode.swift; path = StopwatchViewModel.swift; sourceTree = "<group>"; };
		C908273D26DA717EF992020E /* GearSnitch.app */ = {isa = PBXFileReference; includeInIndex = 0; lastKnownFileType = wrapper.application; path = GearSnitch.app; sourceTree = BUILT_PRODUCTS_DIR; };
		C92B51F2D8CCD298CA96FA07 /* DashboardView.swift */ = {isa = PBXFileReference; lastKnownFileType = sourcecode.swift; path = DashboardView.swift; sourceTree = "<group>"; };
		CA6452B7EFEFA36C2DCA1B73 /* DeviceDetailViewModel.swift */ = {isa = PBXFileReference; lastKnownFileType = sourcecode.swift; path = DeviceDetailViewModel.swift; sourceTree = "<group>"; };
		CC9CFC2797AD596756034BBE /* TokenStore.swift */ = {isa = PBXFileReference; lastKnownFileType = sourcecode.swift; path = TokenStore.swift; sourceTree = "<group>"; };
		CD9B62A46083DE5FF5D829AD /* NutritionGoalsView.swift */ = {isa = PBXFileReference; lastKnownFileType = sourcecode.swift; path = NutritionGoalsView.swift; sourceTree = "<group>"; };
		CE0D681BE7AEA87B7C6B073F /* AppConfig.swift */ = {isa = PBXFileReference; lastKnownFileType = sourcecode.swift; path = AppConfig.swift; sourceTree = "<group>"; };
		D0E1A45B997811D066252B2D /* DeviceMapView.swift */ = {isa = PBXFileReference; lastKnownFileType = sourcecode.swift; path = DeviceMapView.swift; sourceTree = "<group>"; };
		D632ACA61A645F4E35EC3315 /* GearSnitch.entitlements */ = {isa = PBXFileReference; lastKnownFileType = text.plist.entitlements; path = GearSnitch.entitlements; sourceTree = "<group>"; };
		D929C599AC0FE4E0FBCC10F1 /* PaymentService.swift */ = {isa = PBXFileReference; lastKnownFileType = sourcecode.swift; path = PaymentService.swift; sourceTree = "<group>"; };
		DC35C052F10625C479C9BC70 /* NetworkError.swift */ = {isa = PBXFileReference; lastKnownFileType = sourcecode.swift; path = NetworkError.swift; sourceTree = "<group>"; };
		DD612BAE283B5B5C42C75A25 /* ProductDetailView.swift */ = {isa = PBXFileReference; lastKnownFileType = sourcecode.swift; path = ProductDetailView.swift; sourceTree = "<group>"; };
		DEC7DF0560BDDF8FF7CC0B72 /* SecondaryButton.swift */ = {isa = PBXFileReference; lastKnownFileType = sourcecode.swift; path = SecondaryButton.swift; sourceTree = "<group>"; };
		E3D41BE3A80DECDB05BE7D2B /* SubscriptionCardsView.swift */ = {isa = PBXFileReference; lastKnownFileType = sourcecode.swift; path = SubscriptionCardsView.swift; sourceTree = "<group>"; };
		E75F8AB51C3E4A6DB76F9F85 /* SubscriptionStatusView.swift */ = {isa = PBXFileReference; lastKnownFileType = sourcecode.swift; path = SubscriptionStatusView.swift; sourceTree = "<group>"; };
		E8A5B9B9DE0FBE8BB7F133FC /* RunHistoryView.swift */ = {isa = PBXFileReference; lastKnownFileType = sourcecode.swift; path = RunHistoryView.swift; sourceTree = "<group>"; };
		E94C544CFF8B8BA06822F249 /* EmergencyContactsView.swift */ = {isa = PBXFileReference; lastKnownFileType = sourcecode.swift; path = EmergencyContactsView.swift; sourceTree = "<group>"; };
		EC33DA8E03A30FC5BEDBAD29 /* AddGymView.swift */ = {isa = PBXFileReference; lastKnownFileType = sourcecode.swift; path = AddGymView.swift; sourceTree = "<group>"; };
		ED7E00D84F51A63E31E167D5 /* GearSnitchApp.swift */ = {isa = PBXFileReference; lastKnownFileType = sourcecode.swift; path = GearSnitchApp.swift; sourceTree = "<group>"; };
		F48A562AB5846C59EECFA820 /* GearSnitchUITests.xctest */ = {isa = PBXFileReference; includeInIndex = 0; lastKnownFileType = wrapper.cfbundle; path = GearSnitchUITests.xctest; sourceTree = BUILT_PRODUCTS_DIR; };
		F732D9E9ECE794CBE91F2A0D /* SignInView.swift */ = {isa = PBXFileReference; lastKnownFileType = sourcecode.swift; path = SignInView.swift; sourceTree = "<group>"; };
		F7447513075EF893EBB81204 /* KeychainStore.swift */ = {isa = PBXFileReference; lastKnownFileType = sourcecode.swift; path = KeychainStore.swift; sourceTree = "<group>"; };
		F8CD7598811AF36A137595A6 /* DosingCalculatorView.swift */ = {isa = PBXFileReference; lastKnownFileType = sourcecode.swift; path = DosingCalculatorView.swift; sourceTree = "<group>"; };
		FA07F4455FC91DFEBF1E9057 /* StoreHomeView.swift */ = {isa = PBXFileReference; lastKnownFileType = sourcecode.swift; path = StoreHomeView.swift; sourceTree = "<group>"; };
		FDAE0DA274CB6AB93F097499 /* GymSessionManager.swift */ = {isa = PBXFileReference; lastKnownFileType = sourcecode.swift; path = GymSessionManager.swift; sourceTree = "<group>"; };
		FE08B599CA8A0C737DA0D935 /* WorkoutListViewModel.swift */ = {isa = PBXFileReference; lastKnownFileType = sourcecode.swift; path = WorkoutListViewModel.swift; sourceTree = "<group>"; };
		FE6FCEFFBB75B66F4A88EC2A /* RemoteConfigClient.swift */ = {isa = PBXFileReference; lastKnownFileType = sourcecode.swift; path = RemoteConfigClient.swift; sourceTree = "<group>"; };
		FF38A290D64009E04FD4D16B /* BLEDevice.swift */ = {isa = PBXFileReference; lastKnownFileType = sourcecode.swift; path = BLEDevice.swift; sourceTree = "<group>"; };
/* End PBXFileReference section */

/* Begin PBXFrameworksBuildPhase section */
		4BF2BFF306B54D4956DA81A6 /* Frameworks */ = {
			isa = PBXFrameworksBuildPhase;
			buildActionMask = 2147483647;
			files = (
				9DDC55408A600A073AC8BA68 /* GoogleSignIn in Frameworks */,
			);
			runOnlyForDeploymentPostprocessing = 0;
		};
/* End PBXFrameworksBuildPhase section */

/* Begin PBXGroup section */
		02D13016DC1E3ECF734499F5 /* Alerts */ = {
			isa = PBXGroup;
			children = (
				4B36B16C524620D9F19754CA /* AlertDetailView.swift */,
				C04D78BFC71C27FFF42FFEF6 /* AlertsView.swift */,
				91E2CAF6F2B2843E3FAFDA81 /* AlertsViewModel.swift */,
			);
			path = Alerts;
			sourceTree = "<group>";
		};
		03D2BA468F1F71F1DC5DE4BE /* Shared */ = {
			isa = PBXGroup;
			children = (
				B3AF8F92130FB6DAD4C2BBD9 /* Components */,
				1F65CFEAE5D49E5FBD7C8F4B /* Extensions */,
				D8519274977782E91DDB1299 /* Models */,
			);
			path = Shared;
			sourceTree = "<group>";
		};
		0B3A34D10248CF5E01381456 /* Release */ = {
			isa = PBXGroup;
			children = (
				270D9DD9964E6987742B699F /* UpdateRequiredView.swift */,
			);
			path = Release;
			sourceTree = "<group>";
		};
		1252B512DFB907E2D47F8A7B /* Calendar */ = {
			isa = PBXGroup;
			children = (
				4F727210E1B56639BE47E1E5 /* DayDetailView.swift */,
				9865ACC598B773EBE5646783 /* HeatmapCalendarView.swift */,
				8B045FB188519FA9F441365A /* HeatmapCalendarViewModel.swift */,
			);
			path = Calendar;
			sourceTree = "<group>";
		};
		1F65CFEAE5D49E5FBD7C8F4B /* Extensions */ = {
			isa = PBXGroup;
			children = (
				3505130765F6628D9FD17C33 /* Color+GearSnitch.swift */,
				2969551DF2A3FCCBB44CF308 /* Date+Formatting.swift */,
				1F698EA7D1CDA146902DD6DB /* View+Modifiers.swift */,
			);
			path = Extensions;
			sourceTree = "<group>";
		};
		24101B7A4A21ED111F3FF5EE /* MeshChat */ = {
			isa = PBXGroup;
			children = (
				B6BFD5D2EE043E841AA7B600 /* MeshChatView.swift */,
				55C5CE24F4D0356582F849DD /* MeshChatViewModel.swift */,
			);
			path = MeshChat;
			sourceTree = "<group>";
		};
		25FF401788D77C7B25C81950 /* BLE */ = {
			isa = PBXGroup;
			children = (
				56898CE55871136E842BEC60 /* BLEAlarmSoundPlayer.swift */,
				FF38A290D64009E04FD4D16B /* BLEDevice.swift */,
				65040AD89C646F2EB1439629 /* BLEManager.swift */,
				4ED90ED47B2C7532C3950E45 /* BLEScanner.swift */,
				BB4F6EF46EE851C846BE8B98 /* BLESignalMonitor.swift */,
				262EA565146C455B16AD63AD /* BLEStateObserver.swift */,
				315DCA955B01D6DD1AC2ECD9 /* DeviceEventSyncService.swift */,
				AFCE813887395F69511F0DF4 /* PanicAlarmManager.swift */,
			);
			path = BLE;
			sourceTree = "<group>";
		};
		34E5E4649638B2F5D73B0B1E /* Onboarding */ = {
			isa = PBXGroup;
			children = (
				942B2AA3801B97D73525058B /* OnboardingView.swift */,
				0D945F2BF6C97E6654C9BF18 /* OnboardingViewModel.swift */,
				9E516EC05EA2E882165EC607 /* PermissionsRequestView.swift */,
				E3D41BE3A80DECDB05BE7D2B /* SubscriptionCardsView.swift */,
				417D0CABD8C8B4785A6C1AE1 /* WelcomeView.swift */,
			);
			path = Onboarding;
			sourceTree = "<group>";
		};
		3BAC827FBE3E08946CE58C24 = {
			isa = PBXGroup;
			children = (
				DE42951C73C8E10689CD0AF8 /* GearSnitch */,
				61458D73F00143D52E5C9979 /* GearSnitchTests */,
				EF62A29CE9D588EE284200F7 /* Products */,
			);
			sourceTree = "<group>";
		};
		3EF267817CAD34088F1CC9BD /* Workouts */ = {
			isa = PBXGroup;
			children = (
				866D40788493E59429903BBA /* ActiveWorkoutView.swift */,
				6CA942AC63EEB8075ECA7ECC /* ActiveWorkoutViewModel.swift */,
				88F615771AA8AEC73889AAE6 /* WorkoutDetailView.swift */,
				686919D6DA2B3CE85F3384C6 /* WorkoutListView.swift */,
				FE08B599CA8A0C737DA0D935 /* WorkoutListViewModel.swift */,
			);
			path = Workouts;
			sourceTree = "<group>";
		};
		402BBBAF1E1E6FA380707937 /* Permissions */ = {
			isa = PBXGroup;
			children = (
				5E5B10371664AD313AD389E2 /* PermissionGateManager.swift */,
			);
			path = Permissions;
			sourceTree = "<group>";
		};
		417FF31EE8A2758373DEEA1C /* GeoJSON */ = {
			isa = PBXGroup;
			children = (
				7A8FAD0447CAA96B7AAD5FE8 /* coverage.geojson */,
			);
			path = GeoJSON;
			sourceTree = "<group>";
		};
		43EBBE8ED8E29ACC70478B58 /* Auth */ = {
			isa = PBXGroup;
			children = (
				63CF89913B054F363A8C8B39 /* AuthManager.swift */,
				70F9CF4C94401C2900ADB20B /* GoogleSignInManager.swift */,
				F7447513075EF893EBB81204 /* KeychainStore.swift */,
				C4F668A4BEE7643D5829ADD8 /* SessionManager.swift */,
				CC9CFC2797AD596756034BBE /* TokenStore.swift */,
			);
			path = Auth;
			sourceTree = "<group>";
		};
		4441329B86EC2858A42CE832 /* RunTracking */ = {
			isa = PBXGroup;
			children = (
				12CD1E1D646849EADF918A43 /* RunTrackingManager.swift */,
			);
			path = RunTracking;
			sourceTree = "<group>";
		};
			491745FDFF030A623EF066E1 /* Calories */ = {
				isa = PBXGroup;
				children = (
					0ACA51E64EAF81AEFD81AAEA /* CalorieDashboardView.swift */,
					79569B64C87DB4A7411D0AB1 /* CalorieDashboardViewModel.swift */,
					7FDAF6E82525532EB0FFC115 /* LogMealView.swift */,
					CD9B62A46083DE5FF5D829AD /* NutritionGoalsView.swift */,
					BC5EDE2248932D1DB76591E7 /* WaterTrackerView.swift */,
				);
				path = Calories;
				sourceTree = "<group>";
			};
			4AF2D6C7289E4A54A95B32D1 /* Cycles */ = {
				isa = PBXGroup;
				children = (
					B1C2D3E4F5061728394A5B6C /* CycleTrackingView.swift */,
				);
				path = Cycles;
				sourceTree = "<group>";
			};
			4A031D39A2C8F88BF8E344D9 /* HealthKit */ = {
				isa = PBXGroup;
			children = (
				6B0427DD41CE5177C56D180C /* HealthKitManager.swift */,
				03EB90ADAAC9DC50555F55EE /* HealthKitPermissions.swift */,
				0A87B12D0792AE9A7DD273AE /* HealthKitSyncService.swift */,
			);
			path = HealthKit;
			sourceTree = "<group>";
		};
		53787386098F27B3F6804757 /* DosingCalculator */ = {
			isa = PBXGroup;
			children = (
				F8CD7598811AF36A137595A6 /* DosingCalculatorView.swift */,
				9CAC67BC594D4708288A3628 /* DosingCalculatorViewModel.swift */,
			);
			path = DosingCalculator;
			sourceTree = "<group>";
		};
		5A1BC6EF24C073B6C2A0AAC1 /* Profile */ = {
			isa = PBXGroup;
			children = (
				E94C544CFF8B8BA06822F249 /* EmergencyContactsView.swift */,
				9FF2CF1CA718D3DB4A19C7BD /* ProfileView.swift */,
				18DD21DE66D7C8932E06A0B4 /* ProfileViewModel.swift */,
				E75F8AB51C3E4A6DB76F9F85 /* SubscriptionStatusView.swift */,
				51480EC335EB26C4CE925C66 /* SubscriptionView.swift */,
			);
			path = Profile;
			sourceTree = "<group>";
		};
		5E34DC12B8950CE7F705DEE8 /* DeviceMap */ = {
			isa = PBXGroup;
			children = (
				D0E1A45B997811D066252B2D /* DeviceMapView.swift */,
				5041DC1B23AE52CEFE28B388 /* DeviceMapViewModel.swift */,
			);
			path = DeviceMap;
			sourceTree = "<group>";
		};
		5F91E0F68658DD65F4E565F8 /* AppIconSources */ = {
			isa = PBXGroup;
			children = (
				068EFCAE20763E29C80EF6FB /* gs-eye-iris-master.pdf */,
			);
			path = AppIconSources;
			sourceTree = "<group>";
		};
		61458D73F00143D52E5C9979 /* GearSnitchTests */ = {
			isa = PBXGroup;
			children = (
				58E1451727196C98AB732061 /* ReleaseGateManagerTests.swift */,
				8BC5E7BD7D09E97C49A0C967 /* RequestBuilderTests.swift */,
				C48810DB5F6525DFBA03BCBC /* ResponseDecoderTests.swift */,
			);
			path = GearSnitchTests;
			sourceTree = "<group>";
		};
		64EDC5694E70347DE12ED77B /* Persistence */ = {
			isa = PBXGroup;
			children = (
				518B69DE4EEB05013965BA16 /* AppDatabase.swift */,
				5942D8F10497012501BF4901 /* LocalStore.swift */,
				0CD649EBADF6DB15233E9E7B /* OfflineQueue.swift */,
			);
			path = Persistence;
			sourceTree = "<group>";
		};
		65A9FF864F1FC706B2012B8F /* Dashboard */ = {
			isa = PBXGroup;
			children = (
				C92B51F2D8CCD298CA96FA07 /* DashboardView.swift */,
				42009BC43B94A4D85AACE6A6 /* DashboardViewModel.swift */,
			);
			path = Dashboard;
			sourceTree = "<group>";
		};
		674C1C36E24532F75142699D /* Notifications */ = {
			isa = PBXGroup;
			children = (
				154B191CC69DFF3B28E36D37 /* NotificationPermissionManager.swift */,
				3685DC0D9F363BEE0B9CE350 /* PushNotificationHandler.swift */,
			);
			path = Notifications;
			sourceTree = "<group>";
		};
		6ADFCAE61675D4B0A0E1E6C5 /* Realtime */ = {
			isa = PBXGroup;
			children = (
				BBFC6CFBC32F137AA69630AF /* RealtimeEventBus.swift */,
				568284F031C76C144A411E78 /* SocketClient.swift */,
				BECCC104090AC7F96D2D407E /* SocketEventHandler.swift */,
			);
			path = Realtime;
			sourceTree = "<group>";
		};
		704E38CE066412186711714F /* Features */ = {
			isa = PBXGroup;
			children = (
				02D13016DC1E3ECF734499F5 /* Alerts */,
					C698C72A95C0638F2040BBCD /* Auth */,
					1252B512DFB907E2D47F8A7B /* Calendar */,
					491745FDFF030A623EF066E1 /* Calories */,
					4AF2D6C7289E4A54A95B32D1 /* Cycles */,
					65A9FF864F1FC706B2012B8F /* Dashboard */,
					5E34DC12B8950CE7F705DEE8 /* DeviceMap */,
				90C6AF5E383A598A8DB2CF47 /* Devices */,
				53787386098F27B3F6804757 /* DosingCalculator */,
				70D0B0725B728022781506A4 /* Gyms */,
				7AAF396F55DB44D3CD9F0BB1 /* Health */,
				24101B7A4A21ED111F3FF5EE /* MeshChat */,
				34E5E4649638B2F5D73B0B1E /* Onboarding */,
				5A1BC6EF24C073B6C2A0AAC1 /* Profile */,
				8871A8158674B1FEAC34909C /* Referrals */,
				0B3A34D10248CF5E01381456 /* Release */,
				E79DC5AF8ACC760E7FD4296C /* RunTracking */,
				8847634A7A6272A5B8C0976D /* Settings */,
				E3C3C8BA18A0B6F97D6AB97A /* Stopwatch */,
				FCE8A9AB2B7744AD3822715E /* Store */,
				3EF267817CAD34088F1CC9BD /* Workouts */,
			);
			path = Features;
			sourceTree = "<group>";
		};
		70780FDD04A23C06F7CE05EC /* App */ = {
			isa = PBXGroup;
			children = (
				7A677BC7E409D0857BB4033A /* AppCoordinator.swift */,
				34190732929A003811CFE93F /* AppDelegate.swift */,
				ED7E00D84F51A63E31E167D5 /* GearSnitchApp.swift */,
				1A7437B9A89048C773D306EC /* MainTabView.swift */,
				A71772E62CED642AC9F4DEA9 /* RootView.swift */,
			);
			path = App;
			sourceTree = "<group>";
		};
		70D0B0725B728022781506A4 /* Gyms */ = {
			isa = PBXGroup;
			children = (
				EC33DA8E03A30FC5BEDBAD29 /* AddGymView.swift */,
				338F134A72D75AFA915EF027 /* GymDetailView.swift */,
				25094CC0AAD6413921521FD0 /* GymListView.swift */,
				4E6FC728320A895C25B95E05 /* GymListViewModel.swift */,
				0475A09D6432948147C5A574 /* MapSearchManager.swift */,
			);
			path = Gyms;
			sourceTree = "<group>";
		};
		7AAF396F55DB44D3CD9F0BB1 /* Health */ = {
			isa = PBXGroup;
			children = (
				AEC366A48A139E8E12577C17 /* BMICalculatorView.swift */,
				89CEF8FD5047731B712D190C /* HealthDashboardView.swift */,
				0A97CF7491D6B846A4F78F46 /* HealthDashboardViewModel.swift */,
				67FDD9EA8D9439FA5BFE3EEC /* MetricsLogView.swift */,
			);
			path = Health;
			sourceTree = "<group>";
		};
		87F5C9F7049A9215B9788171 /* Core */ = {
			isa = PBXGroup;
			children = (
				B6A54F88A913828A2DA6F736 /* Analytics */,
				43EBBE8ED8E29ACC70478B58 /* Auth */,
				25FF401788D77C7B25C81950 /* BLE */,
				AE423359AFEB0B96F816B520 /* Calendar */,
				ED2DC679C42DA0511805588E /* Config */,
				4A031D39A2C8F88BF8E344D9 /* HealthKit */,
				A43C94D20C664D42092E1625 /* Location */,
				F0FDB19550A0913AC458CC93 /* Logging */,
				FF6CC28723BA8F72F9186B16 /* MeshChat */,
				FF71BBAE20D02B90AC97799E /* Network */,
				674C1C36E24532F75142699D /* Notifications */,
				F7CE106CD6BC7ECD9798B395 /* Payments */,
				402BBBAF1E1E6FA380707937 /* Permissions */,
				64EDC5694E70347DE12ED77B /* Persistence */,
				6ADFCAE61675D4B0A0E1E6C5 /* Realtime */,
				4441329B86EC2858A42CE832 /* RunTracking */,
				DAFDC6CD665FCE1B0F3D9D9B /* Session */,
			);
			path = Core;
			sourceTree = "<group>";
		};
		8847634A7A6272A5B8C0976D /* Settings */ = {
			isa = PBXGroup;
			children = (
				877839AB8E10C41E15B46325 /* NotificationPreferencesView.swift */,
				89871DF0894D04D46D916B26 /* SettingsView.swift */,
			);
			path = Settings;
			sourceTree = "<group>";
		};
		8871A8158674B1FEAC34909C /* Referrals */ = {
			isa = PBXGroup;
			children = (
				6B4A4958CFA3CCEE2AF18A94 /* QRCodeView.swift */,
				B3B4FD86275B132DA96B5D8A /* ReferralView.swift */,
				B9CF17771E707F32C8ECA907 /* ReferralViewModel.swift */,
			);
			path = Referrals;
			sourceTree = "<group>";
		};
		8B63A603199D203BB58300EF /* Resources */ = {
			isa = PBXGroup;
			children = (
				39816E569B3E18B77A216951 /* Assets.xcassets */,
				5F91E0F68658DD65F4E565F8 /* AppIconSources */,
				417FF31EE8A2758373DEEA1C /* GeoJSON */,
			);
			path = Resources;
			sourceTree = "<group>";
		};
		90C6AF5E383A598A8DB2CF47 /* Devices */ = {
			isa = PBXGroup;
			children = (
				196547EBE5AAE728369FB79D /* DeviceDetailView.swift */,
				CA6452B7EFEFA36C2DCA1B73 /* DeviceDetailViewModel.swift */,
				11EBE9A263604C413029119F /* DeviceListView.swift */,
				835D70A91468F0D0A7B8FD08 /* DeviceListViewModel.swift */,
				9891D4E63956E6434AD903A2 /* DevicePairingFlowView.swift */,
				94B038489629E63048FE4C9A /* DevicePairingView.swift */,
			);
			path = Devices;
			sourceTree = "<group>";
		};
		A43C94D20C664D42092E1625 /* Location */ = {
			isa = PBXGroup;
			children = (
				A7DCB03117FA18BA9DC91CE1 /* GeofenceManager.swift */,
				336679F15832921BE8598D24 /* GymRegionMonitor.swift */,
				67550D7F3CED6EDCE592F5A5 /* LocationManager.swift */,
			);
			path = Location;
			sourceTree = "<group>";
		};
		AE423359AFEB0B96F816B520 /* Calendar */ = {
			isa = PBXGroup;
			children = (
				4BED958861CEFA542CA1CE5D /* CalendarSyncService.swift */,
			);
			path = Calendar;
			sourceTree = "<group>";
		};
		B3AF8F92130FB6DAD4C2BBD9 /* Components */ = {
			isa = PBXGroup;
			children = (
				5F654EDC6D283F1CFA8D355F /* DeviceStatusBadge.swift */,
				362DE5710E3C83C61089EFB6 /* EmptyStateView.swift */,
				AAC4503FD69B7AD8694A9DCA /* ErrorView.swift */,
				1CA7CFF26481534981434DED /* LoadingView.swift */,
				C72A3F57652B3904DA4C0B1D /* PrimaryButton.swift */,
				DEC7DF0560BDDF8FF7CC0B72 /* SecondaryButton.swift */,
				AE9C27262DB7A656CE7D9EF2 /* SignalStrengthView.swift */,
			);
			path = Components;
			sourceTree = "<group>";
		};
		B6A54F88A913828A2DA6F736 /* Analytics */ = {
			isa = PBXGroup;
			children = (
				98F02E134CFB752029AB55FC /* AnalyticsClient.swift */,
			);
			path = Analytics;
			sourceTree = "<group>";
		};
		BBA67F808BE14070B782458E /* Configuration */ = {
			isa = PBXGroup;
			children = (
				3FB6FF132F60FB46F1F2B652 /* GearSnitch.storekit */,
			);
			path = Configuration;
			sourceTree = "<group>";
		};
		C698C72A95C0638F2040BBCD /* Auth */ = {
			isa = PBXGroup;
			children = (
				F732D9E9ECE794CBE91F2A0D /* SignInView.swift */,
				7880B2F2F9BAB5DC91F8B0C2 /* SignInViewModel.swift */,
			);
			path = Auth;
			sourceTree = "<group>";
		};
		D8519274977782E91DDB1299 /* Models */ = {
			isa = PBXGroup;
			children = (
				CE0D681BE7AEA87B7C6B073F /* AppConfig.swift */,
				3EE29CA9BC70E2FAFEB84C00 /* User.swift */,
			);
			path = Models;
			sourceTree = "<group>";
		};
		DAFDC6CD665FCE1B0F3D9D9B /* Session */ = {
			isa = PBXGroup;
			children = (
				FDAE0DA274CB6AB93F097499 /* GymSessionManager.swift */,
			);
			path = Session;
			sourceTree = "<group>";
		};
		DE42951C73C8E10689CD0AF8 /* GearSnitch */ = {
			isa = PBXGroup;
			children = (
				D632ACA61A645F4E35EC3315 /* GearSnitch.entitlements */,
				70780FDD04A23C06F7CE05EC /* App */,
				BBA67F808BE14070B782458E /* Configuration */,
				87F5C9F7049A9215B9788171 /* Core */,
				704E38CE066412186711714F /* Features */,
				8B63A603199D203BB58300EF /* Resources */,
				03D2BA468F1F71F1DC5DE4BE /* Shared */,
			);
			path = GearSnitch;
			sourceTree = "<group>";
		};
		E3C3C8BA18A0B6F97D6AB97A /* Stopwatch */ = {
			isa = PBXGroup;
			children = (
				7D8F66DD4AB609729A71DD1A /* StopwatchView.swift */,
				C8BC18F04EE32D8091DFEABE /* StopwatchViewModel.swift */,
			);
			path = Stopwatch;
			sourceTree = "<group>";
		};
		E79DC5AF8ACC760E7FD4296C /* RunTracking */ = {
			isa = PBXGroup;
			children = (
				1912FE4772AD939ECEABD7E8 /* ActiveRunView.swift */,
				E8A5B9B9DE0FBE8BB7F133FC /* RunHistoryView.swift */,
				282CC4FACBF2E0FA52081C4D /* RunHistoryViewModel.swift */,
			);
			path = RunTracking;
			sourceTree = "<group>";
		};
		ED2DC679C42DA0511805588E /* Config */ = {
			isa = PBXGroup;
			children = (
				1620CF81D724DC3279BCC97D /* FeatureFlags.swift */,
				765EB0F048354608BECF6173 /* ReleaseGateManager.swift */,
				FE6FCEFFBB75B66F4A88EC2A /* RemoteConfigClient.swift */,
			);
			path = Config;
			sourceTree = "<group>";
		};
		EF62A29CE9D588EE284200F7 /* Products */ = {
			isa = PBXGroup;
			children = (
				C908273D26DA717EF992020E /* GearSnitch.app */,
				0619737EE7E3393951FA1D62 /* GearSnitchTests.xctest */,
				F48A562AB5846C59EECFA820 /* GearSnitchUITests.xctest */,
			);
			name = Products;
			sourceTree = "<group>";
		};
		F0FDB19550A0913AC458CC93 /* Logging */ = {
			isa = PBXGroup;
			children = (
			);
			path = Logging;
			sourceTree = "<group>";
		};
		F7CE106CD6BC7ECD9798B395 /* Payments */ = {
			isa = PBXGroup;
			children = (
				7C214E8EAE2147E0D752B9D5 /* ApplePayButton.swift */,
				9325AC6C409A2219EA8CBF23 /* ApplePayManager.swift */,
				5C046F4715799B2015B386A4 /* PaymentModels.swift */,
				D929C599AC0FE4E0FBCC10F1 /* PaymentService.swift */,
				80109D925697C302D72E2F78 /* StoreKitManager.swift */,
			);
			path = Payments;
			sourceTree = "<group>";
		};
		FCE8A9AB2B7744AD3822715E /* Store */ = {
			isa = PBXGroup;
			children = (
				6AA0026640D6A92A71A03DF0 /* CartView.swift */,
				4AADEB4E2DE2686C4781E1B7 /* CartViewModel.swift */,
				C44012CC8C69A572397415B6 /* CheckoutView.swift */,
				8E696010F541FDFC34F22D4E /* OrderHistoryView.swift */,
				DD612BAE283B5B5C42C75A25 /* ProductDetailView.swift */,
				FA07F4455FC91DFEBF1E9057 /* StoreHomeView.swift */,
				82C3C6DF7919DBC057A43CFA /* StoreHomeViewModel.swift */,
			);
			path = Store;
			sourceTree = "<group>";
		};
		FF6CC28723BA8F72F9186B16 /* MeshChat */ = {
			isa = PBXGroup;
			children = (
				A5E2DFF65221701A95E77180 /* MeshNetworkManager.swift */,
			);
			path = MeshChat;
			sourceTree = "<group>";
		};
		FF71BBAE20D02B90AC97799E /* Network */ = {
			isa = PBXGroup;
			children = (
				6F590B33018B52518E473826 /* APIClient.swift */,
				026C428CF4CCF85191191B0B /* APIEndpoint.swift */,
				DC35C052F10625C479C9BC70 /* NetworkError.swift */,
				0A51F4F70A487D475FF0DACC /* RequestBuilder.swift */,
				356CF040EF7BA0679AA32D9B /* ResponseDecoder.swift */,
			);
			path = Network;
			sourceTree = "<group>";
		};
/* End PBXGroup section */

/* Begin PBXNativeTarget section */
		86AC59BA8F8019D810326896 /* GearSnitchTests */ = {
			isa = PBXNativeTarget;
			buildConfigurationList = 88F12BCEE70278AFD8414373 /* Build configuration list for PBXNativeTarget "GearSnitchTests" */;
			buildPhases = (
				B58F1C22B5D431900DE01D22 /* Sources */,
			);
			buildRules = (
			);
			dependencies = (
				E976F9076D141A576F5041E8 /* PBXTargetDependency */,
			);
			name = GearSnitchTests;
			packageProductDependencies = (
			);
			productName = GearSnitchTests;
			productReference = 0619737EE7E3393951FA1D62 /* GearSnitchTests.xctest */;
			productType = "com.apple.product-type.bundle.unit-test";
		};
		B7C595239251A97BE5D4D4AD /* GearSnitchUITests */ = {
			isa = PBXNativeTarget;
			buildConfigurationList = CC5EDF58CA7E350A4D0F72A1 /* Build configuration list for PBXNativeTarget "GearSnitchUITests" */;
			buildPhases = (
				06EC0A772A517C6EC0D198C3 /* Sources */,
			);
			buildRules = (
			);
			dependencies = (
				6723CDEB01815853AD7C16D4 /* PBXTargetDependency */,
			);
			name = GearSnitchUITests;
			packageProductDependencies = (
			);
			productName = GearSnitchUITests;
			productReference = F48A562AB5846C59EECFA820 /* GearSnitchUITests.xctest */;
			productType = "com.apple.product-type.bundle.ui-testing";
		};
		ECF6BEF24B590549BDA03608 /* GearSnitch */ = {
			isa = PBXNativeTarget;
			buildConfigurationList = 8F066E1E12A29321397FF814 /* Build configuration list for PBXNativeTarget "GearSnitch" */;
			buildPhases = (
				C0F7709925BA0574F98CE3EE /* Sources */,
				2957AFFBE965A6D54533EEF4 /* Resources */,
				4BF2BFF306B54D4956DA81A6 /* Frameworks */,
			);
			buildRules = (
			);
			dependencies = (
			);
			name = GearSnitch;
			packageProductDependencies = (
				20E9F4332B27C32C0A22AFD6 /* GoogleSignIn */,
			);
			productName = GearSnitch;
			productReference = C908273D26DA717EF992020E /* GearSnitch.app */;
			productType = "com.apple.product-type.application";
		};
/* End PBXNativeTarget section */

/* Begin PBXProject section */
		BBE1BCD4DFAE9AAA147B6DCD /* Project object */ = {
			isa = PBXProject;
			attributes = {
				BuildIndependentTargetsInParallel = YES;
				LastUpgradeCheck = 1500;
				TargetAttributes = {
					86AC59BA8F8019D810326896 = {
						DevelopmentTeam = TUZYDM227C;
						ProvisioningStyle = Automatic;
					};
					B7C595239251A97BE5D4D4AD = {
						DevelopmentTeam = TUZYDM227C;
						ProvisioningStyle = Automatic;
						TestTargetID = ECF6BEF24B590549BDA03608;
					};
					ECF6BEF24B590549BDA03608 = {
						DevelopmentTeam = TUZYDM227C;
						ProvisioningStyle = Automatic;
					};
				};
			};
			buildConfigurationList = 870A9E613A35FF879C45BF7D /* Build configuration list for PBXProject "GearSnitch" */;
			developmentRegion = en;
			hasScannedForEncodings = 0;
			knownRegions = (
				Base,
				en,
			);
			mainGroup = 3BAC827FBE3E08946CE58C24;
			minimizedProjectReferenceProxies = 1;
			packageReferences = (
				26DE48B9972ADD4F10310069 /* XCRemoteSwiftPackageReference "GoogleSignIn-iOS" */,
			);
			preferredProjectObjectVersion = 77;
			productRefGroup = EF62A29CE9D588EE284200F7 /* Products */;
			projectDirPath = "";
			projectRoot = "";
			targets = (
				ECF6BEF24B590549BDA03608 /* GearSnitch */,
				86AC59BA8F8019D810326896 /* GearSnitchTests */,
				B7C595239251A97BE5D4D4AD /* GearSnitchUITests */,
			);
		};
/* End PBXProject section */

/* Begin PBXResourcesBuildPhase section */
		2957AFFBE965A6D54533EEF4 /* Resources */ = {
			isa = PBXResourcesBuildPhase;
			buildActionMask = 2147483647;
			files = (
				7E04278C553EA8D3F1C45847 /* Assets.xcassets in Resources */,
				EF2664825895989401CE8026 /* GearSnitch.storekit in Resources */,
				CF443E352F433E5677219483 /* coverage.geojson in Resources */,
				AA827AD9EE3687FC55BD8648 /* gs-eye-iris-master.pdf in Resources */,
			);
			runOnlyForDeploymentPostprocessing = 0;
		};
/* End PBXResourcesBuildPhase section */

/* Begin PBXSourcesBuildPhase section */
		06EC0A772A517C6EC0D198C3 /* Sources */ = {
			isa = PBXSourcesBuildPhase;
			buildActionMask = 2147483647;
			files = (
			);
			runOnlyForDeploymentPostprocessing = 0;
		};
		B58F1C22B5D431900DE01D22 /* Sources */ = {
			isa = PBXSourcesBuildPhase;
			buildActionMask = 2147483647;
			files = (
				25C8F3CB7B9B74757F12FEF0 /* ReleaseGateManagerTests.swift in Sources */,
				8B2915D2D437967F466C8858 /* RequestBuilderTests.swift in Sources */,
				1286F1B362522B5B8795E690 /* ResponseDecoderTests.swift in Sources */,
			);
			runOnlyForDeploymentPostprocessing = 0;
		};
		C0F7709925BA0574F98CE3EE /* Sources */ = {
			isa = PBXSourcesBuildPhase;
			buildActionMask = 2147483647;
			files = (
				6C43F1B555D4C0F98DFF59AC /* APIClient.swift in Sources */,
				0C9FE86BBF60C61ED7D2DF24 /* APIEndpoint.swift in Sources */,
				BA52359135FCB3F40C6348A2 /* ActiveRunView.swift in Sources */,
				B9132BE19983FED0AB1F25E9 /* ActiveWorkoutView.swift in Sources */,
				19A3F14B3BA79EFDF8053558 /* ActiveWorkoutViewModel.swift in Sources */,
				5A55EA624E6A563474ED7321 /* AddGymView.swift in Sources */,
				824EE2DEBC27F8F00B14DC94 /* AlertDetailView.swift in Sources */,
				F9ED8EC13F85DD933F5F65E9 /* AlertsView.swift in Sources */,
				845364FE9437917618A9C406 /* AlertsViewModel.swift in Sources */,
				24754A353FD364CB0A0B9EEC /* AnalyticsClient.swift in Sources */,
				9A9DA4F96E41F2C65CFE2633 /* AppConfig.swift in Sources */,
				1B03BA216D3F5ACEF4DFDF8A /* AppCoordinator.swift in Sources */,
				CD24680F795A40FDE7DC9A40 /* AppDatabase.swift in Sources */,
				9168ED8EBF3FFB1B5B180BAC /* AppDelegate.swift in Sources */,
				D08ACB55AE0D613900A5871E /* ApplePayButton.swift in Sources */,
				21FCABC80650FAB56D305F3C /* ApplePayManager.swift in Sources */,
				008C39C86DBD34E6A4D39E3A /* AuthManager.swift in Sources */,
				F36D288912DEB77D0A4C88F8 /* BLEAlarmSoundPlayer.swift in Sources */,
				F5E99B110ED3A204F3F0E8F1 /* BLEDevice.swift in Sources */,
				3C236926E06C3ADC097C67AC /* BLEManager.swift in Sources */,
				3B69AAE4AE0195DE1A9FF687 /* BLEScanner.swift in Sources */,
				C2A9E87430D9029A58E8A3D1 /* BLESignalMonitor.swift in Sources */,
					E27E6E7226C8549C3A1C3EA5 /* BLEStateObserver.swift in Sources */,
					EA3B60AED7DB06423FF6DA62 /* BMICalculatorView.swift in Sources */,
					A1B2C3D4E5F60718293A4B5C /* CycleTrackingView.swift in Sources */,
					1E737A07CBAEDB12D0954EDD /* CalendarSyncService.swift in Sources */,
				E51FD70233766D95E4F77199 /* CalorieDashboardView.swift in Sources */,
				4D1C19BCEF70A32F7B00F0F4 /* CalorieDashboardViewModel.swift in Sources */,
				CD56478B5EB09ED47A71E05F /* CartView.swift in Sources */,
				E8647049DB928986E657E76E /* CartViewModel.swift in Sources */,
				F0DA7AD286B5A3BF2E2C87F9 /* CheckoutView.swift in Sources */,
				FB02AF8BFF6F83E9C2D88063 /* Color+GearSnitch.swift in Sources */,
				1EC2BE7F59DDF9B048D573C3 /* DashboardView.swift in Sources */,
				973B2B2E45A15FC4DFF354D8 /* DashboardViewModel.swift in Sources */,
				46D92FAEBC06B5FC26FD9B05 /* Date+Formatting.swift in Sources */,
				4C79B9E586525CAE0B4E335C /* DayDetailView.swift in Sources */,
				C2C54017F71B796A166C970B /* DeviceDetailView.swift in Sources */,
				6BCF07FB104240861AA7B14D /* DeviceDetailViewModel.swift in Sources */,
				A3826EE620BF6BD42D58B805 /* DeviceEventSyncService.swift in Sources */,
				45034E6EAA33F8B9ABBDC9D2 /* DeviceListView.swift in Sources */,
				36CC2444726CCEFBCBCB316C /* DeviceListViewModel.swift in Sources */,
				B5C854334FABEF07A5FB39C7 /* DeviceMapView.swift in Sources */,
				8166C310BED23E5520774184 /* DeviceMapViewModel.swift in Sources */,
				FF89A38F1BD7EE761080EF75 /* DevicePairingFlowView.swift in Sources */,
				9EA585582C7FCB7A44FCAA4B /* DevicePairingView.swift in Sources */,
				36C6F6901483D9D4CFB58F91 /* DeviceStatusBadge.swift in Sources */,
				DEC76F5BE0B6B72A5D0FB0D1 /* DosingCalculatorView.swift in Sources */,
				3903E42C59715DFF61DEC811 /* DosingCalculatorViewModel.swift in Sources */,
				FF9F30F3785D6ABC696FA0E2 /* EmergencyContactsView.swift in Sources */,
				7CC0BD3978F85A25EC10DCA7 /* EmptyStateView.swift in Sources */,
				F085C3A9EB1ACADE41784C58 /* ErrorView.swift in Sources */,
				D28F759FEDBA4B1E71568B02 /* FeatureFlags.swift in Sources */,
				34A78B5370C92303B55123C8 /* GearSnitchApp.swift in Sources */,
				0A904B6FA32654923065626A /* GeofenceManager.swift in Sources */,
				532C92B68B7591740D06E5E6 /* GoogleSignInManager.swift in Sources */,
				A84770BBF3ABD09CF001A346 /* GymDetailView.swift in Sources */,
				28607A7C5EA7F09E5F394986 /* GymListView.swift in Sources */,
				1EC953AF0C7E2907CF433683 /* GymListViewModel.swift in Sources */,
				05E456BCB7A8A44BF90811DE /* GymRegionMonitor.swift in Sources */,
				311C829E65F768CF6EAB96C5 /* GymSessionManager.swift in Sources */,
				F9FF68FC8A8F7610D080246D /* HealthDashboardView.swift in Sources */,
				9B04E43CFB0CA5C0E37D7BCD /* HealthDashboardViewModel.swift in Sources */,
				DF96153FB19AEBF3ED46981E /* HealthKitManager.swift in Sources */,
				017FFC06B774A5A527FC2B30 /* HealthKitPermissions.swift in Sources */,
				46D36C2A884928C6A93572FE /* HealthKitSyncService.swift in Sources */,
				EB6DDAF8056E408BA49857D0 /* HeatmapCalendarView.swift in Sources */,
				85BBA8AA90A6F84A7F713C59 /* HeatmapCalendarViewModel.swift in Sources */,
				F1CC5FC68F6201B3F82437D4 /* KeychainStore.swift in Sources */,
				84B6F8FA19AEF0FEFF7C2AFE /* LoadingView.swift in Sources */,
				71104258EEAA7C7745815889 /* LocalStore.swift in Sources */,
				D4F0427389476DE29BE009FD /* LocationManager.swift in Sources */,
				13F8F93231A9B661FCA88C74 /* LogMealView.swift in Sources */,
				3229912722BD93481B14730D /* MainTabView.swift in Sources */,
				9B9E529520997CE0A3F86F36 /* MapSearchManager.swift in Sources */,
				3D14B5644E74520403A211CA /* MeshChatView.swift in Sources */,
				4934714B0AFAD6AFDC4539C8 /* MeshChatViewModel.swift in Sources */,
				06456364887CBB61FE611BED /* MeshNetworkManager.swift in Sources */,
				BA214A124C701E9705A97225 /* MetricsLogView.swift in Sources */,
				0577BED20E66EA417647DF71 /* NetworkError.swift in Sources */,
				A8C24287C6F7488EB9006995 /* NotificationPermissionManager.swift in Sources */,
				5A40D3A6C02EDB90868F8602 /* NotificationPreferencesView.swift in Sources */,
				5B936DD86E675796F48CB9C0 /* NutritionGoalsView.swift in Sources */,
				0B9A3ABAC47E98AD17AB1D29 /* OfflineQueue.swift in Sources */,
				6847A31FC3ED6A5959C8D289 /* OnboardingView.swift in Sources */,
				D977C64BDD05A98BBCF428AC /* OnboardingViewModel.swift in Sources */,
				68E596191F2960CA5E8F6027 /* OrderHistoryView.swift in Sources */,
				00251322905DE87A9EFC543A /* PanicAlarmManager.swift in Sources */,
				37657B03C4E79B4E0C34D60A /* PaymentModels.swift in Sources */,
				CBCA7EE167D06614ED285AD5 /* PaymentService.swift in Sources */,
				C771426D99982CF60723DE02 /* PermissionGateManager.swift in Sources */,
				CD709CBCE5BFFCBCA4A9D7C8 /* PermissionsRequestView.swift in Sources */,
				60AF420185D0F8C121905A36 /* PrimaryButton.swift in Sources */,
				7036989AE3B88842746D9999 /* ProductDetailView.swift in Sources */,
				766E625078E7DFDFFA6C84D9 /* ProfileView.swift in Sources */,
				15B699379F824FAAA1706C08 /* ProfileViewModel.swift in Sources */,
				34B06D32FDA4A09081BDCD42 /* PushNotificationHandler.swift in Sources */,
				6880B89E098956273AC0032A /* QRCodeView.swift in Sources */,
				F84B6605B78AB4F245082176 /* RealtimeEventBus.swift in Sources */,
				573CE6337651E4367C6C2399 /* ReferralView.swift in Sources */,
				FC0580E13728963B876D4C9D /* ReferralViewModel.swift in Sources */,
				8FC58F52B8FD0DAE7A76F077 /* ReleaseGateManager.swift in Sources */,
				A41CAC0B43D07A42C3B4B505 /* RemoteConfigClient.swift in Sources */,
				ECE1F3509A9C2837F0EB1685 /* RequestBuilder.swift in Sources */,
				9B1C7BBB080821C61B15A041 /* ResponseDecoder.swift in Sources */,
				5F90FAC2283D3E0662480F1A /* RootView.swift in Sources */,
				CA745989EECE1AE4CBE13C67 /* RunHistoryView.swift in Sources */,
				71E4F449DD88122F62475476 /* RunHistoryViewModel.swift in Sources */,
				D324A4D52CBF1C63B30D3816 /* RunTrackingManager.swift in Sources */,
				94CF7BC1775673991B2F921F /* SecondaryButton.swift in Sources */,
				A0A5332CB5436007B731A9A4 /* SessionManager.swift in Sources */,
				7B0783E001D0FF3D2D6D49EE /* SettingsView.swift in Sources */,
				24F8AEE809C5DB264EE42B6E /* SignInView.swift in Sources */,
				687E3DCF2C907DAF5764E0B7 /* SignInViewModel.swift in Sources */,
				D5A09CE97E771D46FF38AD33 /* SignalStrengthView.swift in Sources */,
				7CDFC482C5CD15748F8EB164 /* SocketClient.swift in Sources */,
				4F0D4918B3FDBE038E627BA2 /* SocketEventHandler.swift in Sources */,
				8F9BF3097A8C637113010AB1 /* StopwatchView.swift in Sources */,
				0E285A02CC5F1C22A9844918 /* StopwatchViewModel.swift in Sources */,
				3B9590D069122E717D0AF0C0 /* StoreHomeView.swift in Sources */,
				C1AC600ABAD186DCFAA2A3D9 /* StoreHomeViewModel.swift in Sources */,
				8AC3EB3CC4A1DA239B28508B /* StoreKitManager.swift in Sources */,
				FA5D6CCABA743DCD4C612B7F /* SubscriptionCardsView.swift in Sources */,
				FEDFD0F6AC5AB05417853194 /* SubscriptionStatusView.swift in Sources */,
				6465E3D90138805BB7744587 /* SubscriptionView.swift in Sources */,
				AB6408C3F61982FF8C019496 /* TokenStore.swift in Sources */,
				6ACD0C6987DB425A21F592BE /* UpdateRequiredView.swift in Sources */,
				A66E9A1DACE3954AF9D666A7 /* User.swift in Sources */,
				D583FA108DD2C41A75D2814C /* View+Modifiers.swift in Sources */,
				2DFA1A63E0A0C3B141EDA0B2 /* WaterTrackerView.swift in Sources */,
				9C98E7F5B9A3C0A1200018B3 /* WelcomeView.swift in Sources */,
				DF9ED7A103B8B2E5E3A85E27 /* WorkoutDetailView.swift in Sources */,
				50CDC857CE88CA75ED9C1BE5 /* WorkoutListView.swift in Sources */,
				2799CDCBC9862857FE8F7C94 /* WorkoutListViewModel.swift in Sources */,
			);
			runOnlyForDeploymentPostprocessing = 0;
		};
/* End PBXSourcesBuildPhase section */

/* Begin PBXTargetDependency section */
		6723CDEB01815853AD7C16D4 /* PBXTargetDependency */ = {
			isa = PBXTargetDependency;
			target = ECF6BEF24B590549BDA03608 /* GearSnitch */;
			targetProxy = B753B5C0E750057670794459 /* PBXContainerItemProxy */;
		};
		E976F9076D141A576F5041E8 /* PBXTargetDependency */ = {
			isa = PBXTargetDependency;
			target = ECF6BEF24B590549BDA03608 /* GearSnitch */;
			targetProxy = 57BD7FDA3FD911C476FD9ADE /* PBXContainerItemProxy */;
		};
/* End PBXTargetDependency section */

/* Begin XCBuildConfiguration section */
		4C1E8EE8A550489B9022E085 /* Debug */ = {
			isa = XCBuildConfiguration;
			buildSettings = {
				ALWAYS_SEARCH_USER_PATHS = NO;
				CLANG_ANALYZER_NONNULL = YES;
				CLANG_ANALYZER_NUMBER_OBJECT_CONVERSION = YES_AGGRESSIVE;
				CLANG_CXX_LANGUAGE_STANDARD = "gnu++14";
				CLANG_CXX_LIBRARY = "libc++";
				CLANG_ENABLE_MODULES = YES;
				CLANG_ENABLE_OBJC_ARC = YES;
				CLANG_ENABLE_OBJC_WEAK = YES;
				CLANG_WARN_BLOCK_CAPTURE_AUTORELEASING = YES;
				CLANG_WARN_BOOL_CONVERSION = YES;
				CLANG_WARN_COMMA = YES;
				CLANG_WARN_CONSTANT_CONVERSION = YES;
				CLANG_WARN_DEPRECATED_OBJC_IMPLEMENTATIONS = YES;
				CLANG_WARN_DIRECT_OBJC_ISA_USAGE = YES_ERROR;
				CLANG_WARN_DOCUMENTATION_COMMENTS = YES;
				CLANG_WARN_EMPTY_BODY = YES;
				CLANG_WARN_ENUM_CONVERSION = YES;
				CLANG_WARN_INFINITE_RECURSION = YES;
				CLANG_WARN_INT_CONVERSION = YES;
				CLANG_WARN_NON_LITERAL_NULL_CONVERSION = YES;
				CLANG_WARN_OBJC_IMPLICIT_RETAIN_SELF = YES;
				CLANG_WARN_OBJC_LITERAL_CONVERSION = YES;
				CLANG_WARN_OBJC_ROOT_CLASS = YES_ERROR;
				CLANG_WARN_QUOTED_INCLUDE_IN_FRAMEWORK_HEADER = YES;
				CLANG_WARN_RANGE_LOOP_ANALYSIS = YES;
				CLANG_WARN_STRICT_PROTOTYPES = YES;
				CLANG_WARN_SUSPICIOUS_MOVE = YES;
				CLANG_WARN_UNGUARDED_AVAILABILITY = YES_AGGRESSIVE;
				CLANG_WARN_UNREACHABLE_CODE = YES;
				CLANG_WARN__DUPLICATE_METHOD_MATCH = YES;
				CODE_SIGN_STYLE = Automatic;
				COPY_PHASE_STRIP = NO;
				CURRENT_PROJECT_VERSION = 3;
				DEBUG_INFORMATION_FORMAT = dwarf;
				DEVELOPMENT_TEAM = TUZYDM227C;
				ENABLE_STRICT_OBJC_MSGSEND = YES;
				ENABLE_TESTABILITY = YES;
				GCC_C_LANGUAGE_STANDARD = gnu11;
				GCC_DYNAMIC_NO_PIC = NO;
				GCC_NO_COMMON_BLOCKS = YES;
				GCC_OPTIMIZATION_LEVEL = 0;
				GCC_PREPROCESSOR_DEFINITIONS = (
					"$(inherited)",
					"DEBUG=1",
				);
				GCC_WARN_64_TO_32_BIT_CONVERSION = YES;
				GCC_WARN_ABOUT_RETURN_TYPE = YES_ERROR;
				GCC_WARN_UNDECLARED_SELECTOR = YES;
				GCC_WARN_UNINITIALIZED_AUTOS = YES_AGGRESSIVE;
				GCC_WARN_UNUSED_FUNCTION = YES;
				GCC_WARN_UNUSED_VARIABLE = YES;
				GS_GOOGLE_CLIENT_ID = "";
				GS_GOOGLE_REVERSED_CLIENT_ID = "";
				GS_GOOGLE_SERVER_CLIENT_ID = "";
				IPHONEOS_DEPLOYMENT_TARGET = 17.0;
				MARKETING_VERSION = 1.0.0;
				MTL_ENABLE_DEBUG_INFO = INCLUDE_SOURCE;
				MTL_FAST_MATH = YES;
				ONLY_ACTIVE_ARCH = YES;
				PRODUCT_NAME = "$(TARGET_NAME)";
				SDKROOT = iphoneos;
				SWIFT_ACTIVE_COMPILATION_CONDITIONS = DEBUG;
				SWIFT_OPTIMIZATION_LEVEL = "-Onone";
				SWIFT_VERSION = 5.9;
			};
			name = Debug;
		};
		5B5722AE7C2D3C1E4F941C60 /* Debug */ = {
			isa = XCBuildConfiguration;
			buildSettings = {
				BUNDLE_LOADER = "$(TEST_HOST)";
				GENERATE_INFOPLIST_FILE = YES;
				LD_RUNPATH_SEARCH_PATHS = (
					"$(inherited)",
					"@executable_path/Frameworks",
					"@loader_path/Frameworks",
				);
				PRODUCT_BUNDLE_IDENTIFIER = com.gearsnitch.GearSnitchUITests;
				SDKROOT = iphoneos;
				TARGETED_DEVICE_FAMILY = "1,2";
				TEST_TARGET_NAME = GearSnitch;
			};
			name = Debug;
		};
		5E21ED783FC3969EEE54BC13 /* Debug */ = {
			isa = XCBuildConfiguration;
			buildSettings = {
				ASSETCATALOG_COMPILER_APPICON_NAME = AppIcon;
				CODE_SIGN_ENTITLEMENTS = GearSnitch/GearSnitch.entitlements;
				CODE_SIGN_IDENTITY = "iPhone Developer";
				ENABLE_PREVIEWS = YES;
				GENERATE_INFOPLIST_FILE = NO;
				INFOPLIST_FILE = GearSnitch/Resources/Info.plist;
				LD_RUNPATH_SEARCH_PATHS = (
					"$(inherited)",
					"@executable_path/Frameworks",
				);
				PRODUCT_BUNDLE_IDENTIFIER = com.gearsnitch.app;
				SDKROOT = iphoneos;
				SWIFT_ACTIVE_COMPILATION_CONDITIONS = DEBUG;
				SWIFT_OPTIMIZATION_LEVEL = "-Onone";
				TARGETED_DEVICE_FAMILY = "1,2";
			};
			name = Debug;
		};
		734D16199C582CF489318E56 /* Release */ = {
			isa = XCBuildConfiguration;
			buildSettings = {
				BUNDLE_LOADER = "$(TEST_HOST)";
				GENERATE_INFOPLIST_FILE = YES;
				LD_RUNPATH_SEARCH_PATHS = (
					"$(inherited)",
					"@executable_path/Frameworks",
					"@loader_path/Frameworks",
				);
				PRODUCT_BUNDLE_IDENTIFIER = com.gearsnitch.GearSnitchTests;
				SDKROOT = iphoneos;
				TARGETED_DEVICE_FAMILY = "1,2";
				TEST_HOST = "$(BUILT_PRODUCTS_DIR)/GearSnitch.app/GearSnitch";
			};
			name = Release;
		};
		88E194C5DE118553B93D5AF3 /* Release */ = {
			isa = XCBuildConfiguration;
			buildSettings = {
				BUNDLE_LOADER = "$(TEST_HOST)";
				GENERATE_INFOPLIST_FILE = YES;
				LD_RUNPATH_SEARCH_PATHS = (
					"$(inherited)",
					"@executable_path/Frameworks",
					"@loader_path/Frameworks",
				);
				PRODUCT_BUNDLE_IDENTIFIER = com.gearsnitch.GearSnitchUITests;
				SDKROOT = iphoneos;
				TARGETED_DEVICE_FAMILY = "1,2";
				TEST_TARGET_NAME = GearSnitch;
			};
			name = Release;
		};
		A8844D29E77ED6597E364D72 /* Release */ = {
			isa = XCBuildConfiguration;
			buildSettings = {
				ASSETCATALOG_COMPILER_APPICON_NAME = AppIcon;
				CODE_SIGN_ENTITLEMENTS = GearSnitch/GearSnitch.entitlements;
				CODE_SIGN_IDENTITY = "iPhone Developer";
				ENABLE_PREVIEWS = YES;
				GENERATE_INFOPLIST_FILE = NO;
				INFOPLIST_FILE = GearSnitch/Resources/Info.plist;
				LD_RUNPATH_SEARCH_PATHS = (
					"$(inherited)",
					"@executable_path/Frameworks",
				);
				PRODUCT_BUNDLE_IDENTIFIER = com.gearsnitch.app;
				SDKROOT = iphoneos;
				SWIFT_ACTIVE_COMPILATION_CONDITIONS = DEBUG;
				SWIFT_OPTIMIZATION_LEVEL = "-O";
				TARGETED_DEVICE_FAMILY = "1,2";
			};
			name = Release;
		};
		DD45F9BAC08F00C63579B181 /* Release */ = {
			isa = XCBuildConfiguration;
			buildSettings = {
				ALWAYS_SEARCH_USER_PATHS = NO;
				CLANG_ANALYZER_NONNULL = YES;
				CLANG_ANALYZER_NUMBER_OBJECT_CONVERSION = YES_AGGRESSIVE;
				CLANG_CXX_LANGUAGE_STANDARD = "gnu++14";
				CLANG_CXX_LIBRARY = "libc++";
				CLANG_ENABLE_MODULES = YES;
				CLANG_ENABLE_OBJC_ARC = YES;
				CLANG_ENABLE_OBJC_WEAK = YES;
				CLANG_WARN_BLOCK_CAPTURE_AUTORELEASING = YES;
				CLANG_WARN_BOOL_CONVERSION = YES;
				CLANG_WARN_COMMA = YES;
				CLANG_WARN_CONSTANT_CONVERSION = YES;
				CLANG_WARN_DEPRECATED_OBJC_IMPLEMENTATIONS = YES;
				CLANG_WARN_DIRECT_OBJC_ISA_USAGE = YES_ERROR;
				CLANG_WARN_DOCUMENTATION_COMMENTS = YES;
				CLANG_WARN_EMPTY_BODY = YES;
				CLANG_WARN_ENUM_CONVERSION = YES;
				CLANG_WARN_INFINITE_RECURSION = YES;
				CLANG_WARN_INT_CONVERSION = YES;
				CLANG_WARN_NON_LITERAL_NULL_CONVERSION = YES;
				CLANG_WARN_OBJC_IMPLICIT_RETAIN_SELF = YES;
				CLANG_WARN_OBJC_LITERAL_CONVERSION = YES;
				CLANG_WARN_OBJC_ROOT_CLASS = YES_ERROR;
				CLANG_WARN_QUOTED_INCLUDE_IN_FRAMEWORK_HEADER = YES;
				CLANG_WARN_RANGE_LOOP_ANALYSIS = YES;
				CLANG_WARN_STRICT_PROTOTYPES = YES;
				CLANG_WARN_SUSPICIOUS_MOVE = YES;
				CLANG_WARN_UNGUARDED_AVAILABILITY = YES_AGGRESSIVE;
				CLANG_WARN_UNREACHABLE_CODE = YES;
				CLANG_WARN__DUPLICATE_METHOD_MATCH = YES;
				CODE_SIGN_STYLE = Automatic;
				COPY_PHASE_STRIP = NO;
				CURRENT_PROJECT_VERSION = 3;
				DEBUG_INFORMATION_FORMAT = "dwarf-with-dsym";
				DEVELOPMENT_TEAM = TUZYDM227C;
				ENABLE_NS_ASSERTIONS = NO;
				ENABLE_STRICT_OBJC_MSGSEND = YES;
				GCC_C_LANGUAGE_STANDARD = gnu11;
				GCC_NO_COMMON_BLOCKS = YES;
				GCC_WARN_64_TO_32_BIT_CONVERSION = YES;
				GCC_WARN_ABOUT_RETURN_TYPE = YES_ERROR;
				GCC_WARN_UNDECLARED_SELECTOR = YES;
				GCC_WARN_UNINITIALIZED_AUTOS = YES_AGGRESSIVE;
				GCC_WARN_UNUSED_FUNCTION = YES;
				GCC_WARN_UNUSED_VARIABLE = YES;
				GS_GOOGLE_CLIENT_ID = "";
				GS_GOOGLE_REVERSED_CLIENT_ID = "";
				GS_GOOGLE_SERVER_CLIENT_ID = "";
				IPHONEOS_DEPLOYMENT_TARGET = 17.0;
				MARKETING_VERSION = 1.0.0;
				MTL_ENABLE_DEBUG_INFO = NO;
				MTL_FAST_MATH = YES;
				PRODUCT_NAME = "$(TARGET_NAME)";
				SDKROOT = iphoneos;
				SWIFT_COMPILATION_MODE = wholemodule;
				SWIFT_OPTIMIZATION_LEVEL = "-O";
				SWIFT_VERSION = 5.9;
			};
			name = Release;
		};
		F8FA83E90A6C70287CB69277 /* Debug */ = {
			isa = XCBuildConfiguration;
			buildSettings = {
				BUNDLE_LOADER = "$(TEST_HOST)";
				GENERATE_INFOPLIST_FILE = YES;
				LD_RUNPATH_SEARCH_PATHS = (
					"$(inherited)",
					"@executable_path/Frameworks",
					"@loader_path/Frameworks",
				);
				PRODUCT_BUNDLE_IDENTIFIER = com.gearsnitch.GearSnitchTests;
				SDKROOT = iphoneos;
				TARGETED_DEVICE_FAMILY = "1,2";
				TEST_HOST = "$(BUILT_PRODUCTS_DIR)/GearSnitch.app/GearSnitch";
			};
			name = Debug;
		};
/* End XCBuildConfiguration section */

/* Begin XCConfigurationList section */
		870A9E613A35FF879C45BF7D /* Build configuration list for PBXProject "GearSnitch" */ = {
			isa = XCConfigurationList;
			buildConfigurations = (
				4C1E8EE8A550489B9022E085 /* Debug */,
				DD45F9BAC08F00C63579B181 /* Release */,
			);
			defaultConfigurationIsVisible = 0;
			defaultConfigurationName = Debug;
		};
		88F12BCEE70278AFD8414373 /* Build configuration list for PBXNativeTarget "GearSnitchTests" */ = {
			isa = XCConfigurationList;
			buildConfigurations = (
				F8FA83E90A6C70287CB69277 /* Debug */,
				734D16199C582CF489318E56 /* Release */,
			);
			defaultConfigurationIsVisible = 0;
			defaultConfigurationName = Debug;
		};
		8F066E1E12A29321397FF814 /* Build configuration list for PBXNativeTarget "GearSnitch" */ = {
			isa = XCConfigurationList;
			buildConfigurations = (
				5E21ED783FC3969EEE54BC13 /* Debug */,
				A8844D29E77ED6597E364D72 /* Release */,
			);
			defaultConfigurationIsVisible = 0;
			defaultConfigurationName = Debug;
		};
		CC5EDF58CA7E350A4D0F72A1 /* Build configuration list for PBXNativeTarget "GearSnitchUITests" */ = {
			isa = XCConfigurationList;
			buildConfigurations = (
				5B5722AE7C2D3C1E4F941C60 /* Debug */,
				88E194C5DE118553B93D5AF3 /* Release */,
			);
			defaultConfigurationIsVisible = 0;
			defaultConfigurationName = Debug;
		};
/* End XCConfigurationList section */

/* Begin XCRemoteSwiftPackageReference section */
		26DE48B9972ADD4F10310069 /* XCRemoteSwiftPackageReference "GoogleSignIn-iOS" */ = {
			isa = XCRemoteSwiftPackageReference;
			repositoryURL = "https://github.com/google/GoogleSignIn-iOS";
			requirement = {
				kind = exactVersion;
				version = 9.0.0;
			};
		};
/* End XCRemoteSwiftPackageReference section */

/* Begin XCSwiftPackageProductDependency section */
		20E9F4332B27C32C0A22AFD6 /* GoogleSignIn */ = {
			isa = XCSwiftPackageProductDependency;
			package = 26DE48B9972ADD4F10310069 /* XCRemoteSwiftPackageReference "GoogleSignIn-iOS" */;
			productName = GoogleSignIn;
		};
/* End XCSwiftPackageProductDependency section */
	};
	rootObject = BBE1BCD4DFAE9AAA147B6DCD /* Project object */;
}
